// !$*UTF8*$!
{
	archiveVersion = 1;
	classes = {
	};
	objectVersion = 55;
	objects = {

/* Begin PBXBuildFile section */
		CB0D9466271BF465004D3FDF /* UIView+Extension.swift in Sources */ = {isa = PBXBuildFile; fileRef = CB0D9465271BF465004D3FDF /* UIView+Extension.swift */; };
		CB0D9468271BF8F7004D3FDF /* SceneC.storyboard in Resources */ = {isa = PBXBuildFile; fileRef = CB0D9467271BF8F7004D3FDF /* SceneC.storyboard */; };
		CB0D946A271BF93D004D3FDF /* SceneCTableViewCell.swift in Sources */ = {isa = PBXBuildFile; fileRef = CB0D9469271BF93D004D3FDF /* SceneCTableViewCell.swift */; };
		CB0D946C271BF94F004D3FDF /* SceneCTableViewController.swift in Sources */ = {isa = PBXBuildFile; fileRef = CB0D946B271BF94F004D3FDF /* SceneCTableViewController.swift */; };
		CB0D946E271C1485004D3FDF /* SceneB.storyboard in Resources */ = {isa = PBXBuildFile; fileRef = CB0D946D271C1485004D3FDF /* SceneB.storyboard */; };
		CB0D9470271C149E004D3FDF /* SceneBTableViewController.swift in Sources */ = {isa = PBXBuildFile; fileRef = CB0D946F271C149E004D3FDF /* SceneBTableViewController.swift */; };
		CB0D9474271C240D004D3FDF /* SceneBTableViewCell.swift in Sources */ = {isa = PBXBuildFile; fileRef = CB0D9473271C240D004D3FDF /* SceneBTableViewCell.swift */; };
		CB16D6F4271D434E00041A0A /* Kingfisher in Frameworks */ = {isa = PBXBuildFile; productRef = CB16D6F3271D434E00041A0A /* Kingfisher */; };
		CB16D6F6271D4CF600041A0A /* Web.storyboard in Resources */ = {isa = PBXBuildFile; fileRef = CB16D6F5271D4CF600041A0A /* Web.storyboard */; };
		CB16D6F8271D4D0B00041A0A /* WebViewController.swift in Sources */ = {isa = PBXBuildFile; fileRef = CB16D6F7271D4D0B00041A0A /* WebViewController.swift */; };
		CB986074271B205300F6580C /* AppDelegate.swift in Sources */ = {isa = PBXBuildFile; fileRef = CB986073271B205300F6580C /* AppDelegate.swift */; };
		CB986076271B205300F6580C /* SceneDelegate.swift in Sources */ = {isa = PBXBuildFile; fileRef = CB986075271B205300F6580C /* SceneDelegate.swift */; };
		CB98607B271B205300F6580C /* SceneA.storyboard in Resources */ = {isa = PBXBuildFile; fileRef = CB986079271B205300F6580C /* SceneA.storyboard */; };
		CB98607D271B205600F6580C /* Assets.xcassets in Resources */ = {isa = PBXBuildFile; fileRef = CB98607C271B205600F6580C /* Assets.xcassets */; };
		CB986080271B205600F6580C /* LaunchScreen.storyboard in Resources */ = {isa = PBXBuildFile; fileRef = CB98607E271B205600F6580C /* LaunchScreen.storyboard */; };
		CB986088271B21C100F6580C /* TvShowInformation.swift in Sources */ = {isa = PBXBuildFile; fileRef = CB986087271B21C100F6580C /* TvShowInformation.swift */; };
		CB98608A271B21DD00F6580C /* TvShow.swift in Sources */ = {isa = PBXBuildFile; fileRef = CB986089271B21DD00F6580C /* TvShow.swift */; };
		CB98608C271BE3C000F6580C /* SceneATableViewController.swift in Sources */ = {isa = PBXBuildFile; fileRef = CB98608B271BE3C000F6580C /* SceneATableViewController.swift */; };
		CB98608E271BE43200F6580C /* SceneATableViewCell.swift in Sources */ = {isa = PBXBuildFile; fileRef = CB98608D271BE43200F6580C /* SceneATableViewCell.swift */; };
		CB9B100127202B3B00A145BB /* mapView.storyboard in Resources */ = {isa = PBXBuildFile; fileRef = CB9B100027202B3B00A145BB /* mapView.storyboard */; };
		CB9B100327202B4F00A145BB /* mapViewController.swift in Sources */ = {isa = PBXBuildFile; fileRef = CB9B100227202B4F00A145BB /* mapViewController.swift */; };
		CBA0C384271EA7DF00062E28 /* SummaryTableViewCell.swift in Sources */ = {isa = PBXBuildFile; fileRef = CBA0C382271EA7DF00062E28 /* SummaryTableViewCell.swift */; };
		CBA0C385271EA7DF00062E28 /* SummaryTableViewCell.xib in Resources */ = {isa = PBXBuildFile; fileRef = CBA0C383271EA7DF00062E28 /* SummaryTableViewCell.xib */; };
		CBA0C387271EB55800062E28 /* BookCollectionView.storyboard in Resources */ = {isa = PBXBuildFile; fileRef = CBA0C386271EB55800062E28 /* BookCollectionView.storyboard */; };
		CBA0C389271EB57B00062E28 /* BookCollectionViewController.swift in Sources */ = {isa = PBXBuildFile; fileRef = CBA0C388271EB57B00062E28 /* BookCollectionViewController.swift */; };
		CBA0C38E271EB5CE00062E28 /* BookCollectionViewCell.swift in Sources */ = {isa = PBXBuildFile; fileRef = CBA0C38C271EB5CE00062E28 /* BookCollectionViewCell.swift */; };
		CBA0C38F271EB5CE00062E28 /* BookCollectionViewCell.xib in Resources */ = {isa = PBXBuildFile; fileRef = CBA0C38D271EB5CE00062E28 /* BookCollectionViewCell.xib */; };
/* End PBXBuildFile section */

/* Begin PBXFileReference section */
		CB0D9465271BF465004D3FDF /* UIView+Extension.swift */ = {isa = PBXFileReference; lastKnownFileType = sourcecode.swift; path = "UIView+Extension.swift"; sourceTree = "<group>"; };
		CB0D9467271BF8F7004D3FDF /* SceneC.storyboard */ = {isa = PBXFileReference; lastKnownFileType = file.storyboard; path = SceneC.storyboard; sourceTree = "<group>"; };
		CB0D9469271BF93D004D3FDF /* SceneCTableViewCell.swift */ = {isa = PBXFileReference; lastKnownFileType = sourcecode.swift; path = SceneCTableViewCell.swift; sourceTree = "<group>"; };
		CB0D946B271BF94F004D3FDF /* SceneCTableViewController.swift */ = {isa = PBXFileReference; lastKnownFileType = sourcecode.swift; path = SceneCTableViewController.swift; sourceTree = "<group>"; };
		CB0D946D271C1485004D3FDF /* SceneB.storyboard */ = {isa = PBXFileReference; lastKnownFileType = file.storyboard; path = SceneB.storyboard; sourceTree = "<group>"; };
		CB0D946F271C149E004D3FDF /* SceneBTableViewController.swift */ = {isa = PBXFileReference; lastKnownFileType = sourcecode.swift; path = SceneBTableViewController.swift; sourceTree = "<group>"; };
		CB0D9473271C240D004D3FDF /* SceneBTableViewCell.swift */ = {isa = PBXFileReference; lastKnownFileType = sourcecode.swift; path = SceneBTableViewCell.swift; sourceTree = "<group>"; };
		CB16D6F5271D4CF600041A0A /* Web.storyboard */ = {isa = PBXFileReference; lastKnownFileType = file.storyboard; path = Web.storyboard; sourceTree = "<group>"; };
		CB16D6F7271D4D0B00041A0A /* WebViewController.swift */ = {isa = PBXFileReference; lastKnownFileType = sourcecode.swift; path = WebViewController.swift; sourceTree = "<group>"; };
		CB986070271B205300F6580C /* SSAC_TrendMedia.app */ = {isa = PBXFileReference; explicitFileType = wrapper.application; includeInIndex = 0; path = SSAC_TrendMedia.app; sourceTree = BUILT_PRODUCTS_DIR; };
		CB986073271B205300F6580C /* AppDelegate.swift */ = {isa = PBXFileReference; lastKnownFileType = sourcecode.swift; path = AppDelegate.swift; sourceTree = "<group>"; };
		CB986075271B205300F6580C /* SceneDelegate.swift */ = {isa = PBXFileReference; lastKnownFileType = sourcecode.swift; path = SceneDelegate.swift; sourceTree = "<group>"; };
		CB98607A271B205300F6580C /* Base */ = {isa = PBXFileReference; lastKnownFileType = file.storyboard; name = Base; path = Base.lproj/SceneA.storyboard; sourceTree = "<group>"; };
		CB98607C271B205600F6580C /* Assets.xcassets */ = {isa = PBXFileReference; lastKnownFileType = folder.assetcatalog; path = Assets.xcassets; sourceTree = "<group>"; };
		CB98607F271B205600F6580C /* Base */ = {isa = PBXFileReference; lastKnownFileType = file.storyboard; name = Base; path = Base.lproj/LaunchScreen.storyboard; sourceTree = "<group>"; };
		CB986081271B205600F6580C /* Info.plist */ = {isa = PBXFileReference; lastKnownFileType = text.plist.xml; path = Info.plist; sourceTree = "<group>"; };
		CB986087271B21C100F6580C /* TvShowInformation.swift */ = {isa = PBXFileReference; lastKnownFileType = sourcecode.swift; path = TvShowInformation.swift; sourceTree = "<group>"; };
		CB986089271B21DD00F6580C /* TvShow.swift */ = {isa = PBXFileReference; lastKnownFileType = sourcecode.swift; path = TvShow.swift; sourceTree = "<group>"; };
		CB98608B271BE3C000F6580C /* SceneATableViewController.swift */ = {isa = PBXFileReference; lastKnownFileType = sourcecode.swift; path = SceneATableViewController.swift; sourceTree = "<group>"; };
		CB98608D271BE43200F6580C /* SceneATableViewCell.swift */ = {isa = PBXFileReference; lastKnownFileType = sourcecode.swift; path = SceneATableViewCell.swift; sourceTree = "<group>"; };
		CB9B100027202B3B00A145BB /* mapView.storyboard */ = {isa = PBXFileReference; lastKnownFileType = file.storyboard; path = mapView.storyboard; sourceTree = "<group>"; };
		CB9B100227202B4F00A145BB /* mapViewController.swift */ = {isa = PBXFileReference; lastKnownFileType = sourcecode.swift; path = mapViewController.swift; sourceTree = "<group>"; };
		CBA0C382271EA7DF00062E28 /* SummaryTableViewCell.swift */ = {isa = PBXFileReference; lastKnownFileType = sourcecode.swift; path = SummaryTableViewCell.swift; sourceTree = "<group>"; };
		CBA0C383271EA7DF00062E28 /* SummaryTableViewCell.xib */ = {isa = PBXFileReference; lastKnownFileType = file.xib; path = SummaryTableViewCell.xib; sourceTree = "<group>"; };
		CBA0C386271EB55800062E28 /* BookCollectionView.storyboard */ = {isa = PBXFileReference; lastKnownFileType = file.storyboard; path = BookCollectionView.storyboard; sourceTree = "<group>"; };
		CBA0C388271EB57B00062E28 /* BookCollectionViewController.swift */ = {isa = PBXFileReference; lastKnownFileType = sourcecode.swift; path = BookCollectionViewController.swift; sourceTree = "<group>"; };
		CBA0C38C271EB5CE00062E28 /* BookCollectionViewCell.swift */ = {isa = PBXFileReference; lastKnownFileType = sourcecode.swift; path = BookCollectionViewCell.swift; sourceTree = "<group>"; };
		CBA0C38D271EB5CE00062E28 /* BookCollectionViewCell.xib */ = {isa = PBXFileReference; lastKnownFileType = file.xib; path = BookCollectionViewCell.xib; sourceTree = "<group>"; };
/* End PBXFileReference section */

/* Begin PBXFrameworksBuildPhase section */
		CB98606D271B205300F6580C /* Frameworks */ = {
			isa = PBXFrameworksBuildPhase;
			buildActionMask = 2147483647;
			files = (
				CB16D6F4271D434E00041A0A /* Kingfisher in Frameworks */,
			);
			runOnlyForDeploymentPostprocessing = 0;
		};
/* End PBXFrameworksBuildPhase section */

/* Begin PBXGroup section */
		CB986067271B205300F6580C = {
			isa = PBXGroup;
			children = (
				CB986072271B205300F6580C /* SSAC_TrendMedia */,
				CB986071271B205300F6580C /* Products */,
			);
			sourceTree = "<group>";
		};
		CB986071271B205300F6580C /* Products */ = {
			isa = PBXGroup;
			children = (
				CB986070271B205300F6580C /* SSAC_TrendMedia.app */,
			);
			name = Products;
			sourceTree = "<group>";
		};
		CB986072271B205300F6580C /* SSAC_TrendMedia */ = {
			isa = PBXGroup;
			children = (
				CBA0C390271F1F1200062E28 /* View */,
				CBA0C391271F1F2900062E28 /* Model */,
				CBA0C392271F1F4000062E28 /* Controller */,
				CB986073271B205300F6580C /* AppDelegate.swift */,
				CB986075271B205300F6580C /* SceneDelegate.swift */,
				CB98607C271B205600F6580C /* Assets.xcassets */,
				CB98607E271B205600F6580C /* LaunchScreen.storyboard */,
				CB986081271B205600F6580C /* Info.plist */,
				CB0D9465271BF465004D3FDF /* UIView+Extension.swift */,
			);
			path = SSAC_TrendMedia;
			sourceTree = "<group>";
		};
		CBA0C390271F1F1200062E28 /* View */ = {
			isa = PBXGroup;
			children = (
				CB986079271B205300F6580C /* SceneA.storyboard */,
				CB0D946D271C1485004D3FDF /* SceneB.storyboard */,
				CB0D9467271BF8F7004D3FDF /* SceneC.storyboard */,
				CB16D6F5271D4CF600041A0A /* Web.storyboard */,
				CBA0C386271EB55800062E28 /* BookCollectionView.storyboard */,
				CBA0C38D271EB5CE00062E28 /* BookCollectionViewCell.xib */,
				CBA0C383271EA7DF00062E28 /* SummaryTableViewCell.xib */,
				CB9B100027202B3B00A145BB /* mapView.storyboard */,
			);
			path = View;
			sourceTree = "<group>";
		};
		CBA0C391271F1F2900062E28 /* Model */ = {
			isa = PBXGroup;
			children = (
				CB986087271B21C100F6580C /* TvShowInformation.swift */,
				CB986089271B21DD00F6580C /* TvShow.swift */,
			);
			path = Model;
			sourceTree = "<group>";
		};
		CBA0C392271F1F4000062E28 /* Controller */ = {
			isa = PBXGroup;
			children = (
				CB98608B271BE3C000F6580C /* SceneATableViewController.swift */,
				CB98608D271BE43200F6580C /* SceneATableViewCell.swift */,
				CB0D946F271C149E004D3FDF /* SceneBTableViewController.swift */,
				CB0D9473271C240D004D3FDF /* SceneBTableViewCell.swift */,
				CB0D946B271BF94F004D3FDF /* SceneCTableViewController.swift */,
				CB0D9469271BF93D004D3FDF /* SceneCTableViewCell.swift */,
				CBA0C382271EA7DF00062E28 /* SummaryTableViewCell.swift */,
				CB16D6F7271D4D0B00041A0A /* WebViewController.swift */,
				CBA0C388271EB57B00062E28 /* BookCollectionViewController.swift */,
				CBA0C38C271EB5CE00062E28 /* BookCollectionViewCell.swift */,
				CB9B100227202B4F00A145BB /* mapViewController.swift */,
			);
			path = Controller;
			sourceTree = "<group>";
		};
/* End PBXGroup section */

/* Begin PBXNativeTarget section */
		CB98606F271B205300F6580C /* SSAC_TrendMedia */ = {
			isa = PBXNativeTarget;
			buildConfigurationList = CB986084271B205600F6580C /* Build configuration list for PBXNativeTarget "SSAC_TrendMedia" */;
			buildPhases = (
				CB98606C271B205300F6580C /* Sources */,
				CB98606D271B205300F6580C /* Frameworks */,
				CB98606E271B205300F6580C /* Resources */,
			);
			buildRules = (
			);
			dependencies = (
			);
			name = SSAC_TrendMedia;
			packageProductDependencies = (
				CB16D6F3271D434E00041A0A /* Kingfisher */,
			);
			productName = SSAC_Day13_TrendMedia;
			productReference = CB986070271B205300F6580C /* SSAC_TrendMedia.app */;
			productType = "com.apple.product-type.application";
		};
/* End PBXNativeTarget section */

/* Begin PBXProject section */
		CB986068271B205300F6580C /* Project object */ = {
			isa = PBXProject;
			attributes = {
				BuildIndependentTargetsInParallel = 1;
				LastSwiftUpdateCheck = 1300;
				LastUpgradeCheck = 1300;
				TargetAttributes = {
					CB98606F271B205300F6580C = {
						CreatedOnToolsVersion = 13.0;
					};
				};
			};
			buildConfigurationList = CB98606B271B205300F6580C /* Build configuration list for PBXProject "SSAC_TrendMedia" */;
			compatibilityVersion = "Xcode 13.0";
			developmentRegion = en;
			hasScannedForEncodings = 0;
			knownRegions = (
				en,
				Base,
			);
			mainGroup = CB986067271B205300F6580C;
			packageReferences = (
				CB16D6F2271D434E00041A0A /* XCRemoteSwiftPackageReference "Kingfisher" */,
			);
			productRefGroup = CB986071271B205300F6580C /* Products */;
			projectDirPath = "";
			projectRoot = "";
			targets = (
				CB98606F271B205300F6580C /* SSAC_TrendMedia */,
			);
		};
/* End PBXProject section */

/* Begin PBXResourcesBuildPhase section */
		CB98606E271B205300F6580C /* Resources */ = {
			isa = PBXResourcesBuildPhase;
			buildActionMask = 2147483647;
			files = (
				CB986080271B205600F6580C /* LaunchScreen.storyboard in Resources */,
				CB0D946E271C1485004D3FDF /* SceneB.storyboard in Resources */,
				CB0D9468271BF8F7004D3FDF /* SceneC.storyboard in Resources */,
				CB98607D271B205600F6580C /* Assets.xcassets in Resources */,
				CBA0C38F271EB5CE00062E28 /* BookCollectionViewCell.xib in Resources */,
				CB16D6F6271D4CF600041A0A /* Web.storyboard in Resources */,
				CB98607B271B205300F6580C /* SceneA.storyboard in Resources */,
				CBA0C387271EB55800062E28 /* BookCollectionView.storyboard in Resources */,
				CB9B100127202B3B00A145BB /* mapView.storyboard in Resources */,
				CBA0C385271EA7DF00062E28 /* SummaryTableViewCell.xib in Resources */,
			);
			runOnlyForDeploymentPostprocessing = 0;
		};
/* End PBXResourcesBuildPhase section */

/* Begin PBXSourcesBuildPhase section */
		CB98606C271B205300F6580C /* Sources */ = {
			isa = PBXSourcesBuildPhase;
			buildActionMask = 2147483647;
			files = (
				CB0D946A271BF93D004D3FDF /* SceneCTableViewCell.swift in Sources */,
				CB98608C271BE3C000F6580C /* SceneATableViewController.swift in Sources */,
				CB0D9466271BF465004D3FDF /* UIView+Extension.swift in Sources */,
				CBA0C38E271EB5CE00062E28 /* BookCollectionViewCell.swift in Sources */,
				CBA0C389271EB57B00062E28 /* BookCollectionViewController.swift in Sources */,
				CB986074271B205300F6580C /* AppDelegate.swift in Sources */,
				CB0D9470271C149E004D3FDF /* SceneBTableViewController.swift in Sources */,
				CB98608E271BE43200F6580C /* SceneATableViewCell.swift in Sources */,
				CB0D946C271BF94F004D3FDF /* SceneCTableViewController.swift in Sources */,
				CB16D6F8271D4D0B00041A0A /* WebViewController.swift in Sources */,
				CB98608A271B21DD00F6580C /* TvShow.swift in Sources */,
				CB986076271B205300F6580C /* SceneDelegate.swift in Sources */,
				CBA0C384271EA7DF00062E28 /* SummaryTableViewCell.swift in Sources */,
				CB0D9474271C240D004D3FDF /* SceneBTableViewCell.swift in Sources */,
				CB986088271B21C100F6580C /* TvShowInformation.swift in Sources */,
				CB9B100327202B4F00A145BB /* mapViewController.swift in Sources */,
			);
			runOnlyForDeploymentPostprocessing = 0;
		};
/* End PBXSourcesBuildPhase section */

/* Begin PBXVariantGroup section */
		CB986079271B205300F6580C /* SceneA.storyboard */ = {
			isa = PBXVariantGroup;
			children = (
				CB98607A271B205300F6580C /* Base */,
			);
			name = SceneA.storyboard;
			sourceTree = "<group>";
		};
		CB98607E271B205600F6580C /* LaunchScreen.storyboard */ = {
			isa = PBXVariantGroup;
			children = (
				CB98607F271B205600F6580C /* Base */,
			);
			name = LaunchScreen.storyboard;
			sourceTree = "<group>";
		};
/* End PBXVariantGroup section */

/* Begin XCBuildConfiguration section */
		CB986082271B205600F6580C /* Debug */ = {
			isa = XCBuildConfiguration;
			buildSettings = {
				ALWAYS_SEARCH_USER_PATHS = NO;
				CLANG_ANALYZER_NONNULL = YES;
				CLANG_ANALYZER_NUMBER_OBJECT_CONVERSION = YES_AGGRESSIVE;
				CLANG_CXX_LANGUAGE_STANDARD = "gnu++17";
				CLANG_CXX_LIBRARY = "libc++";
				CLANG_ENABLE_MODULES = YES;
				CLANG_ENABLE_OBJC_ARC = YES;
				CLANG_ENABLE_OBJC_WEAK = YES;
				CLANG_WARN_BLOCK_CAPTURE_AUTORELEASING = YES;
				CLANG_WARN_BOOL_CONVERSION = YES;
				CLANG_WARN_COMMA = YES;
				CLANG_WARN_CONSTANT_CONVERSION = YES;
				CLANG_WARN_DEPRECATED_OBJC_IMPLEMENTATIONS = YES;
				CLANG_WARN_DIRECT_OBJC_ISA_USAGE = YES_ERROR;
				CLANG_WARN_DOCUMENTATION_COMMENTS = YES;
				CLANG_WARN_EMPTY_BODY = YES;
				CLANG_WARN_ENUM_CONVERSION = YES;
				CLANG_WARN_INFINITE_RECURSION = YES;
				CLANG_WARN_INT_CONVERSION = YES;
				CLANG_WARN_NON_LITERAL_NULL_CONVERSION = YES;
				CLANG_WARN_OBJC_IMPLICIT_RETAIN_SELF = YES;
				CLANG_WARN_OBJC_LITERAL_CONVERSION = YES;
				CLANG_WARN_OBJC_ROOT_CLASS = YES_ERROR;
				CLANG_WARN_QUOTED_INCLUDE_IN_FRAMEWORK_HEADER = YES;
				CLANG_WARN_RANGE_LOOP_ANALYSIS = YES;
				CLANG_WARN_STRICT_PROTOTYPES = YES;
				CLANG_WARN_SUSPICIOUS_MOVE = YES;
				CLANG_WARN_UNGUARDED_AVAILABILITY = YES_AGGRESSIVE;
				CLANG_WARN_UNREACHABLE_CODE = YES;
				CLANG_WARN__DUPLICATE_METHOD_MATCH = YES;
				COPY_PHASE_STRIP = NO;
				DEBUG_INFORMATION_FORMAT = dwarf;
				ENABLE_STRICT_OBJC_MSGSEND = YES;
				ENABLE_TESTABILITY = YES;
				GCC_C_LANGUAGE_STANDARD = gnu11;
				GCC_DYNAMIC_NO_PIC = NO;
				GCC_NO_COMMON_BLOCKS = YES;
				GCC_OPTIMIZATION_LEVEL = 0;
				GCC_PREPROCESSOR_DEFINITIONS = (
					"DEBUG=1",
					"$(inherited)",
				);
				GCC_WARN_64_TO_32_BIT_CONVERSION = YES;
				GCC_WARN_ABOUT_RETURN_TYPE = YES_ERROR;
				GCC_WARN_UNDECLARED_SELECTOR = YES;
				GCC_WARN_UNINITIALIZED_AUTOS = YES_AGGRESSIVE;
				GCC_WARN_UNUSED_FUNCTION = YES;
				GCC_WARN_UNUSED_VARIABLE = YES;
				IPHONEOS_DEPLOYMENT_TARGET = 15.0;
				MTL_ENABLE_DEBUG_INFO = INCLUDE_SOURCE;
				MTL_FAST_MATH = YES;
				ONLY_ACTIVE_ARCH = YES;
				SDKROOT = iphoneos;
				SWIFT_ACTIVE_COMPILATION_CONDITIONS = DEBUG;
				SWIFT_OPTIMIZATION_LEVEL = "-Onone";
			};
			name = Debug;
		};
		CB986083271B205600F6580C /* Release */ = {
			isa = XCBuildConfiguration;
			buildSettings = {
				ALWAYS_SEARCH_USER_PATHS = NO;
				CLANG_ANALYZER_NONNULL = YES;
				CLANG_ANALYZER_NUMBER_OBJECT_CONVERSION = YES_AGGRESSIVE;
				CLANG_CXX_LANGUAGE_STANDARD = "gnu++17";
				CLANG_CXX_LIBRARY = "libc++";
				CLANG_ENABLE_MODULES = YES;
				CLANG_ENABLE_OBJC_ARC = YES;
				CLANG_ENABLE_OBJC_WEAK = YES;
				CLANG_WARN_BLOCK_CAPTURE_AUTORELEASING = YES;
				CLANG_WARN_BOOL_CONVERSION = YES;
				CLANG_WARN_COMMA = YES;
				CLANG_WARN_CONSTANT_CONVERSION = YES;
				CLANG_WARN_DEPRECATED_OBJC_IMPLEMENTATIONS = YES;
				CLANG_WARN_DIRECT_OBJC_ISA_USAGE = YES_ERROR;
				CLANG_WARN_DOCUMENTATION_COMMENTS = YES;
				CLANG_WARN_EMPTY_BODY = YES;
				CLANG_WARN_ENUM_CONVERSION = YES;
				CLANG_WARN_INFINITE_RECURSION = YES;
				CLANG_WARN_INT_CONVERSION = YES;
				CLANG_WARN_NON_LITERAL_NULL_CONVERSION = YES;
				CLANG_WARN_OBJC_IMPLICIT_RETAIN_SELF = YES;
				CLANG_WARN_OBJC_LITERAL_CONVERSION = YES;
				CLANG_WARN_OBJC_ROOT_CLASS = YES_ERROR;
				CLANG_WARN_QUOTED_INCLUDE_IN_FRAMEWORK_HEADER = YES;
				CLANG_WARN_RANGE_LOOP_ANALYSIS = YES;
				CLANG_WARN_STRICT_PROTOTYPES = YES;
				CLANG_WARN_SUSPICIOUS_MOVE = YES;
				CLANG_WARN_UNGUARDED_AVAILABILITY = YES_AGGRESSIVE;
				CLANG_WARN_UNREACHABLE_CODE = YES;
				CLANG_WARN__DUPLICATE_METHOD_MATCH = YES;
				COPY_PHASE_STRIP = NO;
				DEBUG_INFORMATION_FORMAT = "dwarf-with-dsym";
				ENABLE_NS_ASSERTIONS = NO;
				ENABLE_STRICT_OBJC_MSGSEND = YES;
				GCC_C_LANGUAGE_STANDARD = gnu11;
				GCC_NO_COMMON_BLOCKS = YES;
				GCC_WARN_64_TO_32_BIT_CONVERSION = YES;
				GCC_WARN_ABOUT_RETURN_TYPE = YES_ERROR;
				GCC_WARN_UNDECLARED_SELECTOR = YES;
				GCC_WARN_UNINITIALIZED_AUTOS = YES_AGGRESSIVE;
				GCC_WARN_UNUSED_FUNCTION = YES;
				GCC_WARN_UNUSED_VARIABLE = YES;
				IPHONEOS_DEPLOYMENT_TARGET = 15.0;
				MTL_ENABLE_DEBUG_INFO = NO;
				MTL_FAST_MATH = YES;
				SDKROOT = iphoneos;
				SWIFT_COMPILATION_MODE = wholemodule;
				SWIFT_OPTIMIZATION_LEVEL = "-O";
				VALIDATE_PRODUCT = YES;
			};
			name = Release;
		};
		CB986085271B205600F6580C /* Debug */ = {
			isa = XCBuildConfiguration;
			buildSettings = {
				ASSETCATALOG_COMPILER_APPICON_NAME = AppIcon;
				ASSETCATALOG_COMPILER_GLOBAL_ACCENT_COLOR_NAME = AccentColor;
				CODE_SIGN_STYLE = Automatic;
				CURRENT_PROJECT_VERSION = 1;
				DEVELOPMENT_TEAM = MYR6MP3VKX;
				GENERATE_INFOPLIST_FILE = YES;
				INFOPLIST_FILE = SSAC_TrendMedia/Info.plist;
				INFOPLIST_KEY_UIApplicationSupportsIndirectInputEvents = YES;
				INFOPLIST_KEY_UILaunchStoryboardName = LaunchScreen;
				INFOPLIST_KEY_UIMainStoryboardFile = SceneA;
				INFOPLIST_KEY_UISupportedInterfaceOrientations_iPad = "UIInterfaceOrientationPortrait UIInterfaceOrientationPortraitUpsideDown UIInterfaceOrientationLandscapeLeft UIInterfaceOrientationLandscapeRight";
				INFOPLIST_KEY_UISupportedInterfaceOrientations_iPhone = "UIInterfaceOrientationPortrait UIInterfaceOrientationLandscapeLeft UIInterfaceOrientationLandscapeRight";
				LD_RUNPATH_SEARCH_PATHS = (
					"$(inherited)",
					"@executable_path/Frameworks",
				);
				MARKETING_VERSION = 1.0;
				PRODUCT_BUNDLE_IDENTIFIER = "com.linda.SSAC-TrendMedia";
				PRODUCT_NAME = "$(TARGET_NAME)";
				SWIFT_EMIT_LOC_STRINGS = YES;
				SWIFT_VERSION = 5.0;
				TARGETED_DEVICE_FAMILY = "1,2";
			};
			name = Debug;
		};
		CB986086271B205600F6580C /* Release */ = {
			isa = XCBuildConfiguration;
			buildSettings = {
				ASSETCATALOG_COMPILER_APPICON_NAME = AppIcon;
				ASSETCATALOG_COMPILER_GLOBAL_ACCENT_COLOR_NAME = AccentColor;
				CODE_SIGN_STYLE = Automatic;
				CURRENT_PROJECT_VERSION = 1;
				DEVELOPMENT_TEAM = MYR6MP3VKX;
				GENERATE_INFOPLIST_FILE = YES;
				INFOPLIST_FILE = SSAC_TrendMedia/Info.plist;
				INFOPLIST_KEY_UIApplicationSupportsIndirectInputEvents = YES;
				INFOPLIST_KEY_UILaunchStoryboardName = LaunchScreen;
				INFOPLIST_KEY_UIMainStoryboardFile = SceneA;
				INFOPLIST_KEY_UISupportedInterfaceOrientations_iPad = "UIInterfaceOrientationPortrait UIInterfaceOrientationPortraitUpsideDown UIInterfaceOrientationLandscapeLeft UIInterfaceOrientationLandscapeRight";
				INFOPLIST_KEY_UISupportedInterfaceOrientations_iPhone = "UIInterfaceOrientationPortrait UIInterfaceOrientationLandscapeLeft UIInterfaceOrientationLandscapeRight";
				LD_RUNPATH_SEARCH_PATHS = (
					"$(inherited)",
					"@executable_path/Frameworks",
				);
				MARKETING_VERSION = 1.0;
				PRODUCT_BUNDLE_IDENTIFIER = "com.linda.SSAC-TrendMedia";
				PRODUCT_NAME = "$(TARGET_NAME)";
				SWIFT_EMIT_LOC_STRINGS = YES;
				SWIFT_VERSION = 5.0;
				TARGETED_DEVICE_FAMILY = "1,2";
			};
			name = Release;
		};
/* End XCBuildConfiguration section */

/* Begin XCConfigurationList section */
		CB98606B271B205300F6580C /* Build configuration list for PBXProject "SSAC_TrendMedia" */ = {
			isa = XCConfigurationList;
			buildConfigurations = (
				CB986082271B205600F6580C /* Debug */,
				CB986083271B205600F6580C /* Release */,
			);
			defaultConfigurationIsVisible = 0;
			defaultConfigurationName = Release;
		};
		CB986084271B205600F6580C /* Build configuration list for PBXNativeTarget "SSAC_TrendMedia" */ = {
			isa = XCConfigurationList;
			buildConfigurations = (
				CB986085271B205600F6580C /* Debug */,
				CB986086271B205600F6580C /* Release */,
			);
			defaultConfigurationIsVisible = 0;
			defaultConfigurationName = Release;
		};
/* End XCConfigurationList section */

/* Begin XCRemoteSwiftPackageReference section */
		CB16D6F2271D434E00041A0A /* XCRemoteSwiftPackageReference "Kingfisher" */ = {
			isa = XCRemoteSwiftPackageReference;
			repositoryURL = "https://github.com/onevcat/Kingfisher.git";
			requirement = {
				kind = upToNextMajorVersion;
				minimumVersion = 7.0.0;
			};
		};
/* End XCRemoteSwiftPackageReference section */

/* Begin XCSwiftPackageProductDependency section */
		CB16D6F3271D434E00041A0A /* Kingfisher */ = {
			isa = XCSwiftPackageProductDependency;
			package = CB16D6F2271D434E00041A0A /* XCRemoteSwiftPackageReference "Kingfisher" */;
			productName = Kingfisher;
		};
/* End XCSwiftPackageProductDependency section */
	};
	rootObject = CB986068271B205300F6580C /* Project object */;
}
