// !$*UTF8*$!
{
	archiveVersion = 1;
	classes = {
	};
	objectVersion = 55;
	objects = {

/* Begin PBXBuildFile section */
		CB9C7E8A27720E3B00802933 /* AppDelegate.swift in Sources */ = {isa = PBXBuildFile; fileRef = CB9C7E8927720E3B00802933 /* AppDelegate.swift */; };
		CB9C7E8C27720E3B00802933 /* SceneDelegate.swift in Sources */ = {isa = PBXBuildFile; fileRef = CB9C7E8B27720E3B00802933 /* SceneDelegate.swift */; };
		CB9C7E9327720E3D00802933 /* Assets.xcassets in Resources */ = {isa = PBXBuildFile; fileRef = CB9C7E9227720E3D00802933 /* Assets.xcassets */; };
		CB9C7E9627720E3D00802933 /* LaunchScreen.storyboard in Resources */ = {isa = PBXBuildFile; fileRef = CB9C7E9427720E3D00802933 /* LaunchScreen.storyboard */; };
		CB9C7E9F2772128B00802933 /* SearchTVShow.swift in Sources */ = {isa = PBXBuildFile; fileRef = CB9C7E9E2772128B00802933 /* SearchTVShow.swift */; };
		CB9C7EA12772129200802933 /* SeasonInfo.swift in Sources */ = {isa = PBXBuildFile; fileRef = CB9C7EA02772129200802933 /* SeasonInfo.swift */; };
		CB9C7EA4277219FD00802933 /* SearchCollectionViewController.swift in Sources */ = {isa = PBXBuildFile; fileRef = CB9C7EA3277219FD00802933 /* SearchCollectionViewController.swift */; };
		CB9C7EA727721ACD00802933 /* SnapKit in Frameworks */ = {isa = PBXBuildFile; productRef = CB9C7EA627721ACD00802933 /* SnapKit */; };
		CB9C7EAA2772239500802933 /* CollectionViewCell.swift in Sources */ = {isa = PBXBuildFile; fileRef = CB9C7EA92772239500802933 /* CollectionViewCell.swift */; };
		CB9C7EAD2772242800802933 /* Cell+Extension.swift in Sources */ = {isa = PBXBuildFile; fileRef = CB9C7EAC2772242800802933 /* Cell+Extension.swift */; };
		CB9C7EB027722C9F00802933 /* searchAPI.swift in Sources */ = {isa = PBXBuildFile; fileRef = CB9C7EAF27722C9F00802933 /* searchAPI.swift */; };
		CB9C7EB227722DD800802933 /* APIKey.swift in Sources */ = {isa = PBXBuildFile; fileRef = CB9C7EB127722DD800802933 /* APIKey.swift */; };
/* End PBXBuildFile section */

/* Begin PBXFileReference section */
		CB9C7E8627720E3B00802933 /* SeSAC_SearchTVShow.app */ = {isa = PBXFileReference; explicitFileType = wrapper.application; includeInIndex = 0; path = SeSAC_SearchTVShow.app; sourceTree = BUILT_PRODUCTS_DIR; };
		CB9C7E8927720E3B00802933 /* AppDelegate.swift */ = {isa = PBXFileReference; lastKnownFileType = sourcecode.swift; path = AppDelegate.swift; sourceTree = "<group>"; };
		CB9C7E8B27720E3B00802933 /* SceneDelegate.swift */ = {isa = PBXFileReference; lastKnownFileType = sourcecode.swift; path = SceneDelegate.swift; sourceTree = "<group>"; };
		CB9C7E9227720E3D00802933 /* Assets.xcassets */ = {isa = PBXFileReference; lastKnownFileType = folder.assetcatalog; path = Assets.xcassets; sourceTree = "<group>"; };
		CB9C7E9527720E3D00802933 /* Base */ = {isa = PBXFileReference; lastKnownFileType = file.storyboard; name = Base; path = Base.lproj/LaunchScreen.storyboard; sourceTree = "<group>"; };
		CB9C7E9727720E3D00802933 /* Info.plist */ = {isa = PBXFileReference; lastKnownFileType = text.plist.xml; path = Info.plist; sourceTree = "<group>"; };
		CB9C7E9E2772128B00802933 /* SearchTVShow.swift */ = {isa = PBXFileReference; lastKnownFileType = sourcecode.swift; path = SearchTVShow.swift; sourceTree = "<group>"; };
		CB9C7EA02772129200802933 /* SeasonInfo.swift */ = {isa = PBXFileReference; lastKnownFileType = sourcecode.swift; path = SeasonInfo.swift; sourceTree = "<group>"; };
		CB9C7EA3277219FD00802933 /* SearchCollectionViewController.swift */ = {isa = PBXFileReference; lastKnownFileType = sourcecode.swift; path = SearchCollectionViewController.swift; sourceTree = "<group>"; };
		CB9C7EA92772239500802933 /* CollectionViewCell.swift */ = {isa = PBXFileReference; lastKnownFileType = sourcecode.swift; path = CollectionViewCell.swift; sourceTree = "<group>"; };
		CB9C7EAC2772242800802933 /* Cell+Extension.swift */ = {isa = PBXFileReference; lastKnownFileType = sourcecode.swift; path = "Cell+Extension.swift"; sourceTree = "<group>"; };
		CB9C7EAF27722C9F00802933 /* searchAPI.swift */ = {isa = PBXFileReference; lastKnownFileType = sourcecode.swift; path = searchAPI.swift; sourceTree = "<group>"; };
		CB9C7EB127722DD800802933 /* APIKey.swift */ = {isa = PBXFileReference; lastKnownFileType = sourcecode.swift; path = APIKey.swift; sourceTree = "<group>"; };
/* End PBXFileReference section */

/* Begin PBXFrameworksBuildPhase section */
		CB9C7E8327720E3B00802933 /* Frameworks */ = {
			isa = PBXFrameworksBuildPhase;
			buildActionMask = 2147483647;
			files = (
				CB9C7EA727721ACD00802933 /* SnapKit in Frameworks */,
			);
			runOnlyForDeploymentPostprocessing = 0;
		};
/* End PBXFrameworksBuildPhase section */

/* Begin PBXGroup section */
		CB9C7E7D27720E3B00802933 = {
			isa = PBXGroup;
			children = (
				CB9C7E8827720E3B00802933 /* SeSAC_SearchTVShow */,
				CB9C7E8727720E3B00802933 /* Products */,
			);
			sourceTree = "<group>";
		};
		CB9C7E8727720E3B00802933 /* Products */ = {
			isa = PBXGroup;
			children = (
				CB9C7E8627720E3B00802933 /* SeSAC_SearchTVShow.app */,
			);
			name = Products;
			sourceTree = "<group>";
		};
		CB9C7E8827720E3B00802933 /* SeSAC_SearchTVShow */ = {
			isa = PBXGroup;
			children = (
				CB9C7EAE27722C9400802933 /* API */,
				CB9C7EAB2772241F00802933 /* Extension */,
				CB9C7EA82772238900802933 /* Cell */,
				CB9C7EA2277219EE00802933 /* View */,
				CB9C7E9D2772128100802933 /* Model */,
				CB9C7E8927720E3B00802933 /* AppDelegate.swift */,
				CB9C7E8B27720E3B00802933 /* SceneDelegate.swift */,
				CB9C7E9227720E3D00802933 /* Assets.xcassets */,
				CB9C7E9427720E3D00802933 /* LaunchScreen.storyboard */,
				CB9C7E9727720E3D00802933 /* Info.plist */,
			);
			path = SeSAC_SearchTVShow;
			sourceTree = "<group>";
		};
		CB9C7E9D2772128100802933 /* Model */ = {
			isa = PBXGroup;
			children = (
				CB9C7E9E2772128B00802933 /* SearchTVShow.swift */,
				CB9C7EA02772129200802933 /* SeasonInfo.swift */,
			);
			path = Model;
			sourceTree = "<group>";
		};
		CB9C7EA2277219EE00802933 /* View */ = {
			isa = PBXGroup;
			children = (
				CB9C7EA3277219FD00802933 /* SearchCollectionViewController.swift */,
			);
			path = View;
			sourceTree = "<group>";
		};
		CB9C7EA82772238900802933 /* Cell */ = {
			isa = PBXGroup;
			children = (
				CB9C7EA92772239500802933 /* CollectionViewCell.swift */,
			);
			path = Cell;
			sourceTree = "<group>";
		};
		CB9C7EAB2772241F00802933 /* Extension */ = {
			isa = PBXGroup;
			children = (
				CB9C7EAC2772242800802933 /* Cell+Extension.swift */,
			);
			path = Extension;
			sourceTree = "<group>";
		};
		CB9C7EAE27722C9400802933 /* API */ = {
			isa = PBXGroup;
			children = (
				CB9C7EAF27722C9F00802933 /* searchAPI.swift */,
				CB9C7EB127722DD800802933 /* APIKey.swift */,
			);
			path = API;
			sourceTree = "<group>";
		};
/* End PBXGroup section */

/* Begin PBXNativeTarget section */
		CB9C7E8527720E3B00802933 /* SeSAC_SearchTVShow */ = {
			isa = PBXNativeTarget;
			buildConfigurationList = CB9C7E9A27720E3D00802933 /* Build configuration list for PBXNativeTarget "SeSAC_SearchTVShow" */;
			buildPhases = (
				CB9C7E8227720E3B00802933 /* Sources */,
				CB9C7E8327720E3B00802933 /* Frameworks */,
				CB9C7E8427720E3B00802933 /* Resources */,
			);
			buildRules = (
			);
			dependencies = (
			);
			name = SeSAC_SearchTVShow;
			packageProductDependencies = (
				CB9C7EA627721ACD00802933 /* SnapKit */,
			);
			productName = SeSAC_SearchTVShow;
			productReference = CB9C7E8627720E3B00802933 /* SeSAC_SearchTVShow.app */;
			productType = "com.apple.product-type.application";
		};
/* End PBXNativeTarget section */

/* Begin PBXProject section */
		CB9C7E7E27720E3B00802933 /* Project object */ = {
			isa = PBXProject;
			attributes = {
				BuildIndependentTargetsInParallel = 1;
				LastSwiftUpdateCheck = 1300;
				LastUpgradeCheck = 1300;
				TargetAttributes = {
					CB9C7E8527720E3B00802933 = {
						CreatedOnToolsVersion = 13.0;
					};
				};
			};
			buildConfigurationList = CB9C7E8127720E3B00802933 /* Build configuration list for PBXProject "SeSAC_SearchTVShow" */;
			compatibilityVersion = "Xcode 13.0";
			developmentRegion = en;
			hasScannedForEncodings = 0;
			knownRegions = (
				en,
				Base,
			);
			mainGroup = CB9C7E7D27720E3B00802933;
			packageReferences = (
				CB9C7EA527721ACD00802933 /* XCRemoteSwiftPackageReference "SnapKit" */,
			);
			productRefGroup = CB9C7E8727720E3B00802933 /* Products */;
			projectDirPath = "";
			projectRoot = "";
			targets = (
				CB9C7E8527720E3B00802933 /* SeSAC_SearchTVShow */,
			);
		};
/* End PBXProject section */

/* Begin PBXResourcesBuildPhase section */
		CB9C7E8427720E3B00802933 /* Resources */ = {
			isa = PBXResourcesBuildPhase;
			buildActionMask = 2147483647;
			files = (
				CB9C7E9627720E3D00802933 /* LaunchScreen.storyboard in Resources */,
				CB9C7E9327720E3D00802933 /* Assets.xcassets in Resources */,
			);
			runOnlyForDeploymentPostprocessing = 0;
		};
/* End PBXResourcesBuildPhase section */

/* Begin PBXSourcesBuildPhase section */
		CB9C7E8227720E3B00802933 /* Sources */ = {
			isa = PBXSourcesBuildPhase;
			buildActionMask = 2147483647;
			files = (
				CB9C7EA4277219FD00802933 /* SearchCollectionViewController.swift in Sources */,
				CB9C7E8A27720E3B00802933 /* AppDelegate.swift in Sources */,
				CB9C7EB027722C9F00802933 /* searchAPI.swift in Sources */,
				CB9C7EAD2772242800802933 /* Cell+Extension.swift in Sources */,
				CB9C7EAA2772239500802933 /* CollectionViewCell.swift in Sources */,
				CB9C7EA12772129200802933 /* SeasonInfo.swift in Sources */,
				CB9C7E9F2772128B00802933 /* SearchTVShow.swift in Sources */,
				CB9C7EB227722DD800802933 /* APIKey.swift in Sources */,
				CB9C7E8C27720E3B00802933 /* SceneDelegate.swift in Sources */,
			);
			runOnlyForDeploymentPostprocessing = 0;
		};
/* End PBXSourcesBuildPhase section */

/* Begin PBXVariantGroup section */
		CB9C7E9427720E3D00802933 /* LaunchScreen.storyboard */ = {
			isa = PBXVariantGroup;
			children = (
				CB9C7E9527720E3D00802933 /* Base */,
			);
			name = LaunchScreen.storyboard;
			sourceTree = "<group>";
		};
/* End PBXVariantGroup section */

/* Begin XCBuildConfiguration section */
		CB9C7E9827720E3D00802933 /* Debug */ = {
			isa = XCBuildConfiguration;
			buildSettings = {
				ALWAYS_SEARCH_USER_PATHS = NO;
				CLANG_ANALYZER_NONNULL = YES;
				CLANG_ANALYZER_NUMBER_OBJECT_CONVERSION = YES_AGGRESSIVE;
				CLANG_CXX_LANGUAGE_STANDARD = "gnu++17";
				CLANG_CXX_LIBRARY = "libc++";
				CLANG_ENABLE_MODULES = YES;
				CLANG_ENABLE_OBJC_ARC = YES;
				CLANG_ENABLE_OBJC_WEAK = YES;
				CLANG_WARN_BLOCK_CAPTURE_AUTORELEASING = YES;
				CLANG_WARN_BOOL_CONVERSION = YES;
				CLANG_WARN_COMMA = YES;
				CLANG_WARN_CONSTANT_CONVERSION = YES;
				CLANG_WARN_DEPRECATED_OBJC_IMPLEMENTATIONS = YES;
				CLANG_WARN_DIRECT_OBJC_ISA_USAGE = YES_ERROR;
				CLANG_WARN_DOCUMENTATION_COMMENTS = YES;
				CLANG_WARN_EMPTY_BODY = YES;
				CLANG_WARN_ENUM_CONVERSION = YES;
				CLANG_WARN_INFINITE_RECURSION = YES;
				CLANG_WARN_INT_CONVERSION = YES;
				CLANG_WARN_NON_LITERAL_NULL_CONVERSION = YES;
				CLANG_WARN_OBJC_IMPLICIT_RETAIN_SELF = YES;
				CLANG_WARN_OBJC_LITERAL_CONVERSION = YES;
				CLANG_WARN_OBJC_ROOT_CLASS = YES_ERROR;
				CLANG_WARN_QUOTED_INCLUDE_IN_FRAMEWORK_HEADER = YES;
				CLANG_WARN_RANGE_LOOP_ANALYSIS = YES;
				CLANG_WARN_STRICT_PROTOTYPES = YES;
				CLANG_WARN_SUSPICIOUS_MOVE = YES;
				CLANG_WARN_UNGUARDED_AVAILABILITY = YES_AGGRESSIVE;
				CLANG_WARN_UNREACHABLE_CODE = YES;
				CLANG_WARN__DUPLICATE_METHOD_MATCH = YES;
				COPY_PHASE_STRIP = NO;
				DEBUG_INFORMATION_FORMAT = dwarf;
				ENABLE_STRICT_OBJC_MSGSEND = YES;
				ENABLE_TESTABILITY = YES;
				GCC_C_LANGUAGE_STANDARD = gnu11;
				GCC_DYNAMIC_NO_PIC = NO;
				GCC_NO_COMMON_BLOCKS = YES;
				GCC_OPTIMIZATION_LEVEL = 0;
				GCC_PREPROCESSOR_DEFINITIONS = (
					"DEBUG=1",
					"$(inherited)",
				);
				GCC_WARN_64_TO_32_BIT_CONVERSION = YES;
				GCC_WARN_ABOUT_RETURN_TYPE = YES_ERROR;
				GCC_WARN_UNDECLARED_SELECTOR = YES;
				GCC_WARN_UNINITIALIZED_AUTOS = YES_AGGRESSIVE;
				GCC_WARN_UNUSED_FUNCTION = YES;
				GCC_WARN_UNUSED_VARIABLE = YES;
				IPHONEOS_DEPLOYMENT_TARGET = 15.0;
				MTL_ENABLE_DEBUG_INFO = INCLUDE_SOURCE;
				MTL_FAST_MATH = YES;
				ONLY_ACTIVE_ARCH = YES;
				SDKROOT = iphoneos;
				SWIFT_ACTIVE_COMPILATION_CONDITIONS = DEBUG;
				SWIFT_OPTIMIZATION_LEVEL = "-Onone";
			};
			name = Debug;
		};
		CB9C7E9927720E3D00802933 /* Release */ = {
			isa = XCBuildConfiguration;
			buildSettings = {
				ALWAYS_SEARCH_USER_PATHS = NO;
				CLANG_ANALYZER_NONNULL = YES;
				CLANG_ANALYZER_NUMBER_OBJECT_CONVERSION = YES_AGGRESSIVE;
				CLANG_CXX_LANGUAGE_STANDARD = "gnu++17";
				CLANG_CXX_LIBRARY = "libc++";
				CLANG_ENABLE_MODULES = YES;
				CLANG_ENABLE_OBJC_ARC = YES;
				CLANG_ENABLE_OBJC_WEAK = YES;
				CLANG_WARN_BLOCK_CAPTURE_AUTORELEASING = YES;
				CLANG_WARN_BOOL_CONVERSION = YES;
				CLANG_WARN_COMMA = YES;
				CLANG_WARN_CONSTANT_CONVERSION = YES;
				CLANG_WARN_DEPRECATED_OBJC_IMPLEMENTATIONS = YES;
				CLANG_WARN_DIRECT_OBJC_ISA_USAGE = YES_ERROR;
				CLANG_WARN_DOCUMENTATION_COMMENTS = YES;
				CLANG_WARN_EMPTY_BODY = YES;
				CLANG_WARN_ENUM_CONVERSION = YES;
				CLANG_WARN_INFINITE_RECURSION = YES;
				CLANG_WARN_INT_CONVERSION = YES;
				CLANG_WARN_NON_LITERAL_NULL_CONVERSION = YES;
				CLANG_WARN_OBJC_IMPLICIT_RETAIN_SELF = YES;
				CLANG_WARN_OBJC_LITERAL_CONVERSION = YES;
				CLANG_WARN_OBJC_ROOT_CLASS = YES_ERROR;
				CLANG_WARN_QUOTED_INCLUDE_IN_FRAMEWORK_HEADER = YES;
				CLANG_WARN_RANGE_LOOP_ANALYSIS = YES;
				CLANG_WARN_STRICT_PROTOTYPES = YES;
				CLANG_WARN_SUSPICIOUS_MOVE = YES;
				CLANG_WARN_UNGUARDED_AVAILABILITY = YES_AGGRESSIVE;
				CLANG_WARN_UNREACHABLE_CODE = YES;
				CLANG_WARN__DUPLICATE_METHOD_MATCH = YES;
				COPY_PHASE_STRIP = NO;
				DEBUG_INFORMATION_FORMAT = "dwarf-with-dsym";
				ENABLE_NS_ASSERTIONS = NO;
				ENABLE_STRICT_OBJC_MSGSEND = YES;
				GCC_C_LANGUAGE_STANDARD = gnu11;
				GCC_NO_COMMON_BLOCKS = YES;
				GCC_WARN_64_TO_32_BIT_CONVERSION = YES;
				GCC_WARN_ABOUT_RETURN_TYPE = YES_ERROR;
				GCC_WARN_UNDECLARED_SELECTOR = YES;
				GCC_WARN_UNINITIALIZED_AUTOS = YES_AGGRESSIVE;
				GCC_WARN_UNUSED_FUNCTION = YES;
				GCC_WARN_UNUSED_VARIABLE = YES;
				IPHONEOS_DEPLOYMENT_TARGET = 15.0;
				MTL_ENABLE_DEBUG_INFO = NO;
				MTL_FAST_MATH = YES;
				SDKROOT = iphoneos;
				SWIFT_COMPILATION_MODE = wholemodule;
				SWIFT_OPTIMIZATION_LEVEL = "-O";
				VALIDATE_PRODUCT = YES;
			};
			name = Release;
		};
		CB9C7E9B27720E3D00802933 /* Debug */ = {
			isa = XCBuildConfiguration;
			buildSettings = {
				ASSETCATALOG_COMPILER_APPICON_NAME = AppIcon;
				ASSETCATALOG_COMPILER_GLOBAL_ACCENT_COLOR_NAME = AccentColor;
				CODE_SIGN_STYLE = Automatic;
				CURRENT_PROJECT_VERSION = 1;
				DEVELOPMENT_TEAM = MYR6MP3VKX;
				GENERATE_INFOPLIST_FILE = YES;
				INFOPLIST_FILE = SeSAC_SearchTVShow/Info.plist;
				INFOPLIST_KEY_UIApplicationSupportsIndirectInputEvents = YES;
				INFOPLIST_KEY_UILaunchStoryboardName = LaunchScreen;
				INFOPLIST_KEY_UISupportedInterfaceOrientations_iPad = "UIInterfaceOrientationPortrait UIInterfaceOrientationPortraitUpsideDown UIInterfaceOrientationLandscapeLeft UIInterfaceOrientationLandscapeRight";
				INFOPLIST_KEY_UISupportedInterfaceOrientations_iPhone = "UIInterfaceOrientationPortrait UIInterfaceOrientationLandscapeLeft UIInterfaceOrientationLandscapeRight";
				LD_RUNPATH_SEARCH_PATHS = (
					"$(inherited)",
					"@executable_path/Frameworks",
				);
				MARKETING_VERSION = 1.0;
				PRODUCT_BUNDLE_IDENTIFIER = "com.linda.SeSAC-SearchTVShow";
				PRODUCT_NAME = "$(TARGET_NAME)";
				SWIFT_EMIT_LOC_STRINGS = YES;
				SWIFT_VERSION = 5.0;
				TARGETED_DEVICE_FAMILY = "1,2";
			};
			name = Debug;
		};
		CB9C7E9C27720E3D00802933 /* Release */ = {
			isa = XCBuildConfiguration;
			buildSettings = {
				ASSETCATALOG_COMPILER_APPICON_NAME = AppIcon;
				ASSETCATALOG_COMPILER_GLOBAL_ACCENT_COLOR_NAME = AccentColor;
				CODE_SIGN_STYLE = Automatic;
				CURRENT_PROJECT_VERSION = 1;
				DEVELOPMENT_TEAM = MYR6MP3VKX;
				GENERATE_INFOPLIST_FILE = YES;
				INFOPLIST_FILE = SeSAC_SearchTVShow/Info.plist;
				INFOPLIST_KEY_UIApplicationSupportsIndirectInputEvents = YES;
				INFOPLIST_KEY_UILaunchStoryboardName = LaunchScreen;
				INFOPLIST_KEY_UISupportedInterfaceOrientations_iPad = "UIInterfaceOrientationPortrait UIInterfaceOrientationPortraitUpsideDown UIInterfaceOrientationLandscapeLeft UIInterfaceOrientationLandscapeRight";
				INFOPLIST_KEY_UISupportedInterfaceOrientations_iPhone = "UIInterfaceOrientationPortrait UIInterfaceOrientationLandscapeLeft UIInterfaceOrientationLandscapeRight";
				LD_RUNPATH_SEARCH_PATHS = (
					"$(inherited)",
					"@executable_path/Frameworks",
				);
				MARKETING_VERSION = 1.0;
				PRODUCT_BUNDLE_IDENTIFIER = "com.linda.SeSAC-SearchTVShow";
				PRODUCT_NAME = "$(TARGET_NAME)";
				SWIFT_EMIT_LOC_STRINGS = YES;
				SWIFT_VERSION = 5.0;
				TARGETED_DEVICE_FAMILY = "1,2";
			};
			name = Release;
		};
/* End XCBuildConfiguration section */

/* Begin XCConfigurationList section */
		CB9C7E8127720E3B00802933 /* Build configuration list for PBXProject "SeSAC_SearchTVShow" */ = {
			isa = XCConfigurationList;
			buildConfigurations = (
				CB9C7E9827720E3D00802933 /* Debug */,
				CB9C7E9927720E3D00802933 /* Release */,
			);
			defaultConfigurationIsVisible = 0;
			defaultConfigurationName = Release;
		};
		CB9C7E9A27720E3D00802933 /* Build configuration list for PBXNativeTarget "SeSAC_SearchTVShow" */ = {
			isa = XCConfigurationList;
			buildConfigurations = (
				CB9C7E9B27720E3D00802933 /* Debug */,
				CB9C7E9C27720E3D00802933 /* Release */,
			);
			defaultConfigurationIsVisible = 0;
			defaultConfigurationName = Release;
		};
/* End XCConfigurationList section */

/* Begin XCRemoteSwiftPackageReference section */
		CB9C7EA527721ACD00802933 /* XCRemoteSwiftPackageReference "SnapKit" */ = {
			isa = XCRemoteSwiftPackageReference;
			repositoryURL = "https://github.com/SnapKit/SnapKit.git";
			requirement = {
				kind = upToNextMajorVersion;
				minimumVersion = 5.0.0;
			};
		};
/* End XCRemoteSwiftPackageReference section */

/* Begin XCSwiftPackageProductDependency section */
		CB9C7EA627721ACD00802933 /* SnapKit */ = {
			isa = XCSwiftPackageProductDependency;
			package = CB9C7EA527721ACD00802933 /* XCRemoteSwiftPackageReference "SnapKit" */;
			productName = SnapKit;
		};
/* End XCSwiftPackageProductDependency section */
	};
	rootObject = CB9C7E7E27720E3B00802933 /* Project object */;
}
