// !$*UTF8*$!
{
	archiveVersion = 1;
	classes = {
	};
	objectVersion = 55;
	objects = {

/* Begin PBXBuildFile section */
		CB0711152726B5B20056A1EB /* AppDelegate.swift in Sources */ = {isa = PBXBuildFile; fileRef = CB0711142726B5B20056A1EB /* AppDelegate.swift */; };
		CB0711172726B5B20056A1EB /* SceneDelegate.swift in Sources */ = {isa = PBXBuildFile; fileRef = CB0711162726B5B20056A1EB /* SceneDelegate.swift */; };
		CB0711192726B5B20056A1EB /* ViewController.swift in Sources */ = {isa = PBXBuildFile; fileRef = CB0711182726B5B20056A1EB /* ViewController.swift */; };
		CB07111C2726B5B20056A1EB /* Main.storyboard in Resources */ = {isa = PBXBuildFile; fileRef = CB07111A2726B5B20056A1EB /* Main.storyboard */; };
		CB07111E2726B5B50056A1EB /* Assets.xcassets in Resources */ = {isa = PBXBuildFile; fileRef = CB07111D2726B5B50056A1EB /* Assets.xcassets */; };
		CB0711212726B5B50056A1EB /* LaunchScreen.storyboard in Resources */ = {isa = PBXBuildFile; fileRef = CB07111F2726B5B50056A1EB /* LaunchScreen.storyboard */; };
		CB07112A2726BAF30056A1EB /* SwiftyJSON in Frameworks */ = {isa = PBXBuildFile; productRef = CB0711292726BAF30056A1EB /* SwiftyJSON */; };
		CB07112D2726BB0C0056A1EB /* Alamofire in Frameworks */ = {isa = PBXBuildFile; productRef = CB07112C2726BB0C0056A1EB /* Alamofire */; };
/* End PBXBuildFile section */

/* Begin PBXFileReference section */
		CB0711112726B5B20056A1EB /* SSAC_Lottery.app */ = {isa = PBXFileReference; explicitFileType = wrapper.application; includeInIndex = 0; path = SSAC_Lottery.app; sourceTree = BUILT_PRODUCTS_DIR; };
		CB0711142726B5B20056A1EB /* AppDelegate.swift */ = {isa = PBXFileReference; lastKnownFileType = sourcecode.swift; path = AppDelegate.swift; sourceTree = "<group>"; };
		CB0711162726B5B20056A1EB /* SceneDelegate.swift */ = {isa = PBXFileReference; lastKnownFileType = sourcecode.swift; path = SceneDelegate.swift; sourceTree = "<group>"; };
		CB0711182726B5B20056A1EB /* ViewController.swift */ = {isa = PBXFileReference; lastKnownFileType = sourcecode.swift; path = ViewController.swift; sourceTree = "<group>"; };
		CB07111B2726B5B20056A1EB /* Base */ = {isa = PBXFileReference; lastKnownFileType = file.storyboard; name = Base; path = Base.lproj/Main.storyboard; sourceTree = "<group>"; };
		CB07111D2726B5B50056A1EB /* Assets.xcassets */ = {isa = PBXFileReference; lastKnownFileType = folder.assetcatalog; path = Assets.xcassets; sourceTree = "<group>"; };
		CB0711202726B5B50056A1EB /* Base */ = {isa = PBXFileReference; lastKnownFileType = file.storyboard; name = Base; path = Base.lproj/LaunchScreen.storyboard; sourceTree = "<group>"; };
		CB0711222726B5B50056A1EB /* Info.plist */ = {isa = PBXFileReference; lastKnownFileType = text.plist.xml; path = Info.plist; sourceTree = "<group>"; };
/* End PBXFileReference section */

/* Begin PBXFrameworksBuildPhase section */
		CB07110E2726B5B20056A1EB /* Frameworks */ = {
			isa = PBXFrameworksBuildPhase;
			buildActionMask = 2147483647;
			files = (
				CB07112A2726BAF30056A1EB /* SwiftyJSON in Frameworks */,
				CB07112D2726BB0C0056A1EB /* Alamofire in Frameworks */,
			);
			runOnlyForDeploymentPostprocessing = 0;
		};
/* End PBXFrameworksBuildPhase section */

/* Begin PBXGroup section */
		CB0711082726B5B20056A1EB = {
			isa = PBXGroup;
			children = (
				CB0711132726B5B20056A1EB /* SSAC_Lottery */,
				CB0711122726B5B20056A1EB /* Products */,
			);
			sourceTree = "<group>";
		};
		CB0711122726B5B20056A1EB /* Products */ = {
			isa = PBXGroup;
			children = (
				CB0711112726B5B20056A1EB /* SSAC_Lottery.app */,
			);
			name = Products;
			sourceTree = "<group>";
		};
		CB0711132726B5B20056A1EB /* SSAC_Lottery */ = {
			isa = PBXGroup;
			children = (
				CB0711142726B5B20056A1EB /* AppDelegate.swift */,
				CB0711162726B5B20056A1EB /* SceneDelegate.swift */,
				CB0711182726B5B20056A1EB /* ViewController.swift */,
				CB07111A2726B5B20056A1EB /* Main.storyboard */,
				CB07111D2726B5B50056A1EB /* Assets.xcassets */,
				CB07111F2726B5B50056A1EB /* LaunchScreen.storyboard */,
				CB0711222726B5B50056A1EB /* Info.plist */,
			);
			path = SSAC_Lottery;
			sourceTree = "<group>";
		};
/* End PBXGroup section */

/* Begin PBXNativeTarget section */
		CB0711102726B5B20056A1EB /* SSAC_Lottery */ = {
			isa = PBXNativeTarget;
			buildConfigurationList = CB0711252726B5B50056A1EB /* Build configuration list for PBXNativeTarget "SSAC_Lottery" */;
			buildPhases = (
				CB07110D2726B5B20056A1EB /* Sources */,
				CB07110E2726B5B20056A1EB /* Frameworks */,
				CB07110F2726B5B20056A1EB /* Resources */,
			);
			buildRules = (
			);
			dependencies = (
			);
			name = SSAC_Lottery;
			packageProductDependencies = (
				CB0711292726BAF30056A1EB /* SwiftyJSON */,
				CB07112C2726BB0C0056A1EB /* Alamofire */,
			);
			productName = SSAC_Lottery;
			productReference = CB0711112726B5B20056A1EB /* SSAC_Lottery.app */;
			productType = "com.apple.product-type.application";
		};
/* End PBXNativeTarget section */

/* Begin PBXProject section */
		CB0711092726B5B20056A1EB /* Project object */ = {
			isa = PBXProject;
			attributes = {
				BuildIndependentTargetsInParallel = 1;
				LastSwiftUpdateCheck = 1300;
				LastUpgradeCheck = 1300;
				TargetAttributes = {
					CB0711102726B5B20056A1EB = {
						CreatedOnToolsVersion = 13.0;
					};
				};
			};
			buildConfigurationList = CB07110C2726B5B20056A1EB /* Build configuration list for PBXProject "SSAC_Lottery" */;
			compatibilityVersion = "Xcode 13.0";
			developmentRegion = en;
			hasScannedForEncodings = 0;
			knownRegions = (
				en,
				Base,
			);
			mainGroup = CB0711082726B5B20056A1EB;
			packageReferences = (
				CB0711282726BAF30056A1EB /* XCRemoteSwiftPackageReference "SwiftyJSON" */,
				CB07112B2726BB0C0056A1EB /* XCRemoteSwiftPackageReference "Alamofire" */,
			);
			productRefGroup = CB0711122726B5B20056A1EB /* Products */;
			projectDirPath = "";
			projectRoot = "";
			targets = (
				CB0711102726B5B20056A1EB /* SSAC_Lottery */,
			);
		};
/* End PBXProject section */

/* Begin PBXResourcesBuildPhase section */
		CB07110F2726B5B20056A1EB /* Resources */ = {
			isa = PBXResourcesBuildPhase;
			buildActionMask = 2147483647;
			files = (
				CB0711212726B5B50056A1EB /* LaunchScreen.storyboard in Resources */,
				CB07111E2726B5B50056A1EB /* Assets.xcassets in Resources */,
				CB07111C2726B5B20056A1EB /* Main.storyboard in Resources */,
			);
			runOnlyForDeploymentPostprocessing = 0;
		};
/* End PBXResourcesBuildPhase section */

/* Begin PBXSourcesBuildPhase section */
		CB07110D2726B5B20056A1EB /* Sources */ = {
			isa = PBXSourcesBuildPhase;
			buildActionMask = 2147483647;
			files = (
				CB0711192726B5B20056A1EB /* ViewController.swift in Sources */,
				CB0711152726B5B20056A1EB /* AppDelegate.swift in Sources */,
				CB0711172726B5B20056A1EB /* SceneDelegate.swift in Sources */,
			);
			runOnlyForDeploymentPostprocessing = 0;
		};
/* End PBXSourcesBuildPhase section */

/* Begin PBXVariantGroup section */
		CB07111A2726B5B20056A1EB /* Main.storyboard */ = {
			isa = PBXVariantGroup;
			children = (
				CB07111B2726B5B20056A1EB /* Base */,
			);
			name = Main.storyboard;
			sourceTree = "<group>";
		};
		CB07111F2726B5B50056A1EB /* LaunchScreen.storyboard */ = {
			isa = PBXVariantGroup;
			children = (
				CB0711202726B5B50056A1EB /* Base */,
			);
			name = LaunchScreen.storyboard;
			sourceTree = "<group>";
		};
/* End PBXVariantGroup section */

/* Begin XCBuildConfiguration section */
		CB0711232726B5B50056A1EB /* Debug */ = {
			isa = XCBuildConfiguration;
			buildSettings = {
				ALWAYS_SEARCH_USER_PATHS = NO;
				CLANG_ANALYZER_NONNULL = YES;
				CLANG_ANALYZER_NUMBER_OBJECT_CONVERSION = YES_AGGRESSIVE;
				CLANG_CXX_LANGUAGE_STANDARD = "gnu++17";
				CLANG_CXX_LIBRARY = "libc++";
				CLANG_ENABLE_MODULES = YES;
				CLANG_ENABLE_OBJC_ARC = YES;
				CLANG_ENABLE_OBJC_WEAK = YES;
				CLANG_WARN_BLOCK_CAPTURE_AUTORELEASING = YES;
				CLANG_WARN_BOOL_CONVERSION = YES;
				CLANG_WARN_COMMA = YES;
				CLANG_WARN_CONSTANT_CONVERSION = YES;
				CLANG_WARN_DEPRECATED_OBJC_IMPLEMENTATIONS = YES;
				CLANG_WARN_DIRECT_OBJC_ISA_USAGE = YES_ERROR;
				CLANG_WARN_DOCUMENTATION_COMMENTS = YES;
				CLANG_WARN_EMPTY_BODY = YES;
				CLANG_WARN_ENUM_CONVERSION = YES;
				CLANG_WARN_INFINITE_RECURSION = YES;
				CLANG_WARN_INT_CONVERSION = YES;
				CLANG_WARN_NON_LITERAL_NULL_CONVERSION = YES;
				CLANG_WARN_OBJC_IMPLICIT_RETAIN_SELF = YES;
				CLANG_WARN_OBJC_LITERAL_CONVERSION = YES;
				CLANG_WARN_OBJC_ROOT_CLASS = YES_ERROR;
				CLANG_WARN_QUOTED_INCLUDE_IN_FRAMEWORK_HEADER = YES;
				CLANG_WARN_RANGE_LOOP_ANALYSIS = YES;
				CLANG_WARN_STRICT_PROTOTYPES = YES;
				CLANG_WARN_SUSPICIOUS_MOVE = YES;
				CLANG_WARN_UNGUARDED_AVAILABILITY = YES_AGGRESSIVE;
				CLANG_WARN_UNREACHABLE_CODE = YES;
				CLANG_WARN__DUPLICATE_METHOD_MATCH = YES;
				COPY_PHASE_STRIP = NO;
				DEBUG_INFORMATION_FORMAT = dwarf;
				ENABLE_STRICT_OBJC_MSGSEND = YES;
				ENABLE_TESTABILITY = YES;
				GCC_C_LANGUAGE_STANDARD = gnu11;
				GCC_DYNAMIC_NO_PIC = NO;
				GCC_NO_COMMON_BLOCKS = YES;
				GCC_OPTIMIZATION_LEVEL = 0;
				GCC_PREPROCESSOR_DEFINITIONS = (
					"DEBUG=1",
					"$(inherited)",
				);
				GCC_WARN_64_TO_32_BIT_CONVERSION = YES;
				GCC_WARN_ABOUT_RETURN_TYPE = YES_ERROR;
				GCC_WARN_UNDECLARED_SELECTOR = YES;
				GCC_WARN_UNINITIALIZED_AUTOS = YES_AGGRESSIVE;
				GCC_WARN_UNUSED_FUNCTION = YES;
				GCC_WARN_UNUSED_VARIABLE = YES;
				IPHONEOS_DEPLOYMENT_TARGET = 15.0;
				MTL_ENABLE_DEBUG_INFO = INCLUDE_SOURCE;
				MTL_FAST_MATH = YES;
				ONLY_ACTIVE_ARCH = YES;
				SDKROOT = iphoneos;
				SWIFT_ACTIVE_COMPILATION_CONDITIONS = DEBUG;
				SWIFT_OPTIMIZATION_LEVEL = "-Onone";
			};
			name = Debug;
		};
		CB0711242726B5B50056A1EB /* Release */ = {
			isa = XCBuildConfiguration;
			buildSettings = {
				ALWAYS_SEARCH_USER_PATHS = NO;
				CLANG_ANALYZER_NONNULL = YES;
				CLANG_ANALYZER_NUMBER_OBJECT_CONVERSION = YES_AGGRESSIVE;
				CLANG_CXX_LANGUAGE_STANDARD = "gnu++17";
				CLANG_CXX_LIBRARY = "libc++";
				CLANG_ENABLE_MODULES = YES;
				CLANG_ENABLE_OBJC_ARC = YES;
				CLANG_ENABLE_OBJC_WEAK = YES;
				CLANG_WARN_BLOCK_CAPTURE_AUTORELEASING = YES;
				CLANG_WARN_BOOL_CONVERSION = YES;
				CLANG_WARN_COMMA = YES;
				CLANG_WARN_CONSTANT_CONVERSION = YES;
				CLANG_WARN_DEPRECATED_OBJC_IMPLEMENTATIONS = YES;
				CLANG_WARN_DIRECT_OBJC_ISA_USAGE = YES_ERROR;
				CLANG_WARN_DOCUMENTATION_COMMENTS = YES;
				CLANG_WARN_EMPTY_BODY = YES;
				CLANG_WARN_ENUM_CONVERSION = YES;
				CLANG_WARN_INFINITE_RECURSION = YES;
				CLANG_WARN_INT_CONVERSION = YES;
				CLANG_WARN_NON_LITERAL_NULL_CONVERSION = YES;
				CLANG_WARN_OBJC_IMPLICIT_RETAIN_SELF = YES;
				CLANG_WARN_OBJC_LITERAL_CONVERSION = YES;
				CLANG_WARN_OBJC_ROOT_CLASS = YES_ERROR;
				CLANG_WARN_QUOTED_INCLUDE_IN_FRAMEWORK_HEADER = YES;
				CLANG_WARN_RANGE_LOOP_ANALYSIS = YES;
				CLANG_WARN_STRICT_PROTOTYPES = YES;
				CLANG_WARN_SUSPICIOUS_MOVE = YES;
				CLANG_WARN_UNGUARDED_AVAILABILITY = YES_AGGRESSIVE;
				CLANG_WARN_UNREACHABLE_CODE = YES;
				CLANG_WARN__DUPLICATE_METHOD_MATCH = YES;
				COPY_PHASE_STRIP = NO;
				DEBUG_INFORMATION_FORMAT = "dwarf-with-dsym";
				ENABLE_NS_ASSERTIONS = NO;
				ENABLE_STRICT_OBJC_MSGSEND = YES;
				GCC_C_LANGUAGE_STANDARD = gnu11;
				GCC_NO_COMMON_BLOCKS = YES;
				GCC_WARN_64_TO_32_BIT_CONVERSION = YES;
				GCC_WARN_ABOUT_RETURN_TYPE = YES_ERROR;
				GCC_WARN_UNDECLARED_SELECTOR = YES;
				GCC_WARN_UNINITIALIZED_AUTOS = YES_AGGRESSIVE;
				GCC_WARN_UNUSED_FUNCTION = YES;
				GCC_WARN_UNUSED_VARIABLE = YES;
				IPHONEOS_DEPLOYMENT_TARGET = 15.0;
				MTL_ENABLE_DEBUG_INFO = NO;
				MTL_FAST_MATH = YES;
				SDKROOT = iphoneos;
				SWIFT_COMPILATION_MODE = wholemodule;
				SWIFT_OPTIMIZATION_LEVEL = "-O";
				VALIDATE_PRODUCT = YES;
			};
			name = Release;
		};
		CB0711262726B5B50056A1EB /* Debug */ = {
			isa = XCBuildConfiguration;
			buildSettings = {
				ASSETCATALOG_COMPILER_APPICON_NAME = AppIcon;
				ASSETCATALOG_COMPILER_GLOBAL_ACCENT_COLOR_NAME = AccentColor;
				CODE_SIGN_STYLE = Automatic;
				CURRENT_PROJECT_VERSION = 1;
				DEVELOPMENT_TEAM = MYR6MP3VKX;
				GENERATE_INFOPLIST_FILE = YES;
				INFOPLIST_FILE = SSAC_Lottery/Info.plist;
				INFOPLIST_KEY_UIApplicationSupportsIndirectInputEvents = YES;
				INFOPLIST_KEY_UILaunchStoryboardName = LaunchScreen;
				INFOPLIST_KEY_UIMainStoryboardFile = Main;
				INFOPLIST_KEY_UISupportedInterfaceOrientations_iPad = "UIInterfaceOrientationPortrait UIInterfaceOrientationPortraitUpsideDown UIInterfaceOrientationLandscapeLeft UIInterfaceOrientationLandscapeRight";
				INFOPLIST_KEY_UISupportedInterfaceOrientations_iPhone = "UIInterfaceOrientationPortrait UIInterfaceOrientationLandscapeLeft UIInterfaceOrientationLandscapeRight";
				LD_RUNPATH_SEARCH_PATHS = (
					"$(inherited)",
					"@executable_path/Frameworks",
				);
				MARKETING_VERSION = 1.0;
				PRODUCT_BUNDLE_IDENTIFIER = "com.linda.SSAC-Lottery";
				PRODUCT_NAME = "$(TARGET_NAME)";
				SWIFT_EMIT_LOC_STRINGS = YES;
				SWIFT_VERSION = 5.0;
				TARGETED_DEVICE_FAMILY = "1,2";
			};
			name = Debug;
		};
		CB0711272726B5B50056A1EB /* Release */ = {
			isa = XCBuildConfiguration;
			buildSettings = {
				ASSETCATALOG_COMPILER_APPICON_NAME = AppIcon;
				ASSETCATALOG_COMPILER_GLOBAL_ACCENT_COLOR_NAME = AccentColor;
				CODE_SIGN_STYLE = Automatic;
				CURRENT_PROJECT_VERSION = 1;
				DEVELOPMENT_TEAM = MYR6MP3VKX;
				GENERATE_INFOPLIST_FILE = YES;
				INFOPLIST_FILE = SSAC_Lottery/Info.plist;
				INFOPLIST_KEY_UIApplicationSupportsIndirectInputEvents = YES;
				INFOPLIST_KEY_UILaunchStoryboardName = LaunchScreen;
				INFOPLIST_KEY_UIMainStoryboardFile = Main;
				INFOPLIST_KEY_UISupportedInterfaceOrientations_iPad = "UIInterfaceOrientationPortrait UIInterfaceOrientationPortraitUpsideDown UIInterfaceOrientationLandscapeLeft UIInterfaceOrientationLandscapeRight";
				INFOPLIST_KEY_UISupportedInterfaceOrientations_iPhone = "UIInterfaceOrientationPortrait UIInterfaceOrientationLandscapeLeft UIInterfaceOrientationLandscapeRight";
				LD_RUNPATH_SEARCH_PATHS = (
					"$(inherited)",
					"@executable_path/Frameworks",
				);
				MARKETING_VERSION = 1.0;
				PRODUCT_BUNDLE_IDENTIFIER = "com.linda.SSAC-Lottery";
				PRODUCT_NAME = "$(TARGET_NAME)";
				SWIFT_EMIT_LOC_STRINGS = YES;
				SWIFT_VERSION = 5.0;
				TARGETED_DEVICE_FAMILY = "1,2";
			};
			name = Release;
		};
/* End XCBuildConfiguration section */

/* Begin XCConfigurationList section */
		CB07110C2726B5B20056A1EB /* Build configuration list for PBXProject "SSAC_Lottery" */ = {
			isa = XCConfigurationList;
			buildConfigurations = (
				CB0711232726B5B50056A1EB /* Debug */,
				CB0711242726B5B50056A1EB /* Release */,
			);
			defaultConfigurationIsVisible = 0;
			defaultConfigurationName = Release;
		};
		CB0711252726B5B50056A1EB /* Build configuration list for PBXNativeTarget "SSAC_Lottery" */ = {
			isa = XCConfigurationList;
			buildConfigurations = (
				CB0711262726B5B50056A1EB /* Debug */,
				CB0711272726B5B50056A1EB /* Release */,
			);
			defaultConfigurationIsVisible = 0;
			defaultConfigurationName = Release;
		};
/* End XCConfigurationList section */

/* Begin XCRemoteSwiftPackageReference section */
		CB0711282726BAF30056A1EB /* XCRemoteSwiftPackageReference "SwiftyJSON" */ = {
			isa = XCRemoteSwiftPackageReference;
			repositoryURL = "https://github.com/SwiftyJSON/SwiftyJSON.git";
			requirement = {
				kind = exactVersion;
				version = 5.0.0;
			};
		};
		CB07112B2726BB0C0056A1EB /* XCRemoteSwiftPackageReference "Alamofire" */ = {
			isa = XCRemoteSwiftPackageReference;
			repositoryURL = "https://github.com/Alamofire/Alamofire.git";
			requirement = {
				kind = upToNextMajorVersion;
				minimumVersion = 5.0.0;
			};
		};
/* End XCRemoteSwiftPackageReference section */

/* Begin XCSwiftPackageProductDependency section */
		CB0711292726BAF30056A1EB /* SwiftyJSON */ = {
			isa = XCSwiftPackageProductDependency;
			package = CB0711282726BAF30056A1EB /* XCRemoteSwiftPackageReference "SwiftyJSON" */;
			productName = SwiftyJSON;
		};
		CB07112C2726BB0C0056A1EB /* Alamofire */ = {
			isa = XCSwiftPackageProductDependency;
			package = CB07112B2726BB0C0056A1EB /* XCRemoteSwiftPackageReference "Alamofire" */;
			productName = Alamofire;
		};
/* End XCSwiftPackageProductDependency section */
	};
	rootObject = CB0711092726B5B20056A1EB /* Project object */;
}
