// !$*UTF8*$!
{
	archiveVersion = 1;
	classes = {
	};
	objectVersion = 55;
	objects = {

/* Begin PBXBuildFile section */
		CB9C7E712771C0A200802933 /* BeerDetailView.swift in Sources */ = {isa = PBXBuildFile; fileRef = CB9C7E702771C0A200802933 /* BeerDetailView.swift */; };
		CB9C7E762771C3BB00802933 /* Beer.swift in Sources */ = {isa = PBXBuildFile; fileRef = CB9C7E752771C3BB00802933 /* Beer.swift */; };
		CB9C7E792771C68A00802933 /* BeerAPI.swift in Sources */ = {isa = PBXBuildFile; fileRef = CB9C7E782771C68A00802933 /* BeerAPI.swift */; };
		CB9C7E7C2771CE4C00802933 /* Kingfisher in Frameworks */ = {isa = PBXBuildFile; productRef = CB9C7E7B2771CE4C00802933 /* Kingfisher */; };
		CBAAFDC42770DA7E00046945 /* SnapKit in Frameworks */ = {isa = PBXBuildFile; productRef = CBAAFDC32770DA7E00046945 /* SnapKit */; };
		CBAAFDC72770DC9500046945 /* UIColor+Extension.swift in Sources */ = {isa = PBXBuildFile; fileRef = CBAAFDC62770DC9500046945 /* UIColor+Extension.swift */; };
		CBC26544277092F000EBFCA5 /* AppDelegate.swift in Sources */ = {isa = PBXBuildFile; fileRef = CBC26543277092F000EBFCA5 /* AppDelegate.swift */; };
		CBC26546277092F000EBFCA5 /* SceneDelegate.swift in Sources */ = {isa = PBXBuildFile; fileRef = CBC26545277092F000EBFCA5 /* SceneDelegate.swift */; };
		CBC2654D277092F300EBFCA5 /* Assets.xcassets in Resources */ = {isa = PBXBuildFile; fileRef = CBC2654C277092F300EBFCA5 /* Assets.xcassets */; };
		CBC26550277092F300EBFCA5 /* LaunchScreen.storyboard in Resources */ = {isa = PBXBuildFile; fileRef = CBC2654E277092F300EBFCA5 /* LaunchScreen.storyboard */; };
		CBC265582770953100EBFCA5 /* DetailBeerViewController.swift in Sources */ = {isa = PBXBuildFile; fileRef = CBC265572770953100EBFCA5 /* DetailBeerViewController.swift */; };
		CBC2655A277095AC00EBFCA5 /* TotalBeerViewController.swift in Sources */ = {isa = PBXBuildFile; fileRef = CBC26559277095AC00EBFCA5 /* TotalBeerViewController.swift */; };
		CBC2655C277095B900EBFCA5 /* TabBarController.swift in Sources */ = {isa = PBXBuildFile; fileRef = CBC2655B277095B900EBFCA5 /* TabBarController.swift */; };
/* End PBXBuildFile section */

/* Begin PBXFileReference section */
		CB9C7E702771C0A200802933 /* BeerDetailView.swift */ = {isa = PBXFileReference; lastKnownFileType = sourcecode.swift; path = BeerDetailView.swift; sourceTree = "<group>"; };
		CB9C7E752771C3BB00802933 /* Beer.swift */ = {isa = PBXFileReference; lastKnownFileType = sourcecode.swift; path = Beer.swift; sourceTree = "<group>"; };
		CB9C7E782771C68A00802933 /* BeerAPI.swift */ = {isa = PBXFileReference; lastKnownFileType = sourcecode.swift; path = BeerAPI.swift; sourceTree = "<group>"; };
		CBAAFDC62770DC9500046945 /* UIColor+Extension.swift */ = {isa = PBXFileReference; lastKnownFileType = sourcecode.swift; path = "UIColor+Extension.swift"; sourceTree = "<group>"; };
		CBC26540277092F000EBFCA5 /* SeSAC_BeerRecommendation.app */ = {isa = PBXFileReference; explicitFileType = wrapper.application; includeInIndex = 0; path = SeSAC_BeerRecommendation.app; sourceTree = BUILT_PRODUCTS_DIR; };
		CBC26543277092F000EBFCA5 /* AppDelegate.swift */ = {isa = PBXFileReference; lastKnownFileType = sourcecode.swift; path = AppDelegate.swift; sourceTree = "<group>"; };
		CBC26545277092F000EBFCA5 /* SceneDelegate.swift */ = {isa = PBXFileReference; lastKnownFileType = sourcecode.swift; path = SceneDelegate.swift; sourceTree = "<group>"; };
		CBC2654C277092F300EBFCA5 /* Assets.xcassets */ = {isa = PBXFileReference; lastKnownFileType = folder.assetcatalog; path = Assets.xcassets; sourceTree = "<group>"; };
		CBC2654F277092F300EBFCA5 /* Base */ = {isa = PBXFileReference; lastKnownFileType = file.storyboard; name = Base; path = Base.lproj/LaunchScreen.storyboard; sourceTree = "<group>"; };
		CBC26551277092F300EBFCA5 /* Info.plist */ = {isa = PBXFileReference; lastKnownFileType = text.plist.xml; path = Info.plist; sourceTree = "<group>"; };
		CBC265572770953100EBFCA5 /* DetailBeerViewController.swift */ = {isa = PBXFileReference; lastKnownFileType = sourcecode.swift; path = DetailBeerViewController.swift; sourceTree = "<group>"; };
		CBC26559277095AC00EBFCA5 /* TotalBeerViewController.swift */ = {isa = PBXFileReference; lastKnownFileType = sourcecode.swift; path = TotalBeerViewController.swift; sourceTree = "<group>"; };
		CBC2655B277095B900EBFCA5 /* TabBarController.swift */ = {isa = PBXFileReference; lastKnownFileType = sourcecode.swift; path = TabBarController.swift; sourceTree = "<group>"; };
/* End PBXFileReference section */

/* Begin PBXFrameworksBuildPhase section */
		CBC2653D277092F000EBFCA5 /* Frameworks */ = {
			isa = PBXFrameworksBuildPhase;
			buildActionMask = 2147483647;
			files = (
				CB9C7E7C2771CE4C00802933 /* Kingfisher in Frameworks */,
				CBAAFDC42770DA7E00046945 /* SnapKit in Frameworks */,
			);
			runOnlyForDeploymentPostprocessing = 0;
		};
/* End PBXFrameworksBuildPhase section */

/* Begin PBXGroup section */
		CB9C7E722771C2AD00802933 /* View */ = {
			isa = PBXGroup;
			children = (
				CB9C7E702771C0A200802933 /* BeerDetailView.swift */,
			);
			path = View;
			sourceTree = "<group>";
		};
		CB9C7E732771C2B200802933 /* ViewController */ = {
			isa = PBXGroup;
			children = (
				CBC265572770953100EBFCA5 /* DetailBeerViewController.swift */,
				CBC26559277095AC00EBFCA5 /* TotalBeerViewController.swift */,
				CBC2655B277095B900EBFCA5 /* TabBarController.swift */,
			);
			path = ViewController;
			sourceTree = "<group>";
		};
		CB9C7E742771C3B200802933 /* Struct */ = {
			isa = PBXGroup;
			children = (
				CB9C7E752771C3BB00802933 /* Beer.swift */,
			);
			path = Struct;
			sourceTree = "<group>";
		};
		CB9C7E772771C68400802933 /* API */ = {
			isa = PBXGroup;
			children = (
				CB9C7E782771C68A00802933 /* BeerAPI.swift */,
			);
			path = API;
			sourceTree = "<group>";
		};
		CBAAFDC52770DC8900046945 /* Extension */ = {
			isa = PBXGroup;
			children = (
				CBAAFDC62770DC9500046945 /* UIColor+Extension.swift */,
			);
			path = Extension;
			sourceTree = "<group>";
		};
		CBC26537277092F000EBFCA5 = {
			isa = PBXGroup;
			children = (
				CBC26542277092F000EBFCA5 /* SeSAC_BeerRecommendation */,
				CBC26541277092F000EBFCA5 /* Products */,
			);
			sourceTree = "<group>";
		};
		CBC26541277092F000EBFCA5 /* Products */ = {
			isa = PBXGroup;
			children = (
				CBC26540277092F000EBFCA5 /* SeSAC_BeerRecommendation.app */,
			);
			name = Products;
			sourceTree = "<group>";
		};
		CBC26542277092F000EBFCA5 /* SeSAC_BeerRecommendation */ = {
			isa = PBXGroup;
			children = (
				CB9C7E772771C68400802933 /* API */,
				CB9C7E742771C3B200802933 /* Struct */,
				CB9C7E732771C2B200802933 /* ViewController */,
				CB9C7E722771C2AD00802933 /* View */,
				CBAAFDC52770DC8900046945 /* Extension */,
				CBC26543277092F000EBFCA5 /* AppDelegate.swift */,
				CBC26545277092F000EBFCA5 /* SceneDelegate.swift */,
				CBC2654C277092F300EBFCA5 /* Assets.xcassets */,
				CBC2654E277092F300EBFCA5 /* LaunchScreen.storyboard */,
				CBC26551277092F300EBFCA5 /* Info.plist */,
			);
			path = SeSAC_BeerRecommendation;
			sourceTree = "<group>";
		};
/* End PBXGroup section */

/* Begin PBXNativeTarget section */
		CBC2653F277092F000EBFCA5 /* SeSAC_BeerRecommendation */ = {
			isa = PBXNativeTarget;
			buildConfigurationList = CBC26554277092F300EBFCA5 /* Build configuration list for PBXNativeTarget "SeSAC_BeerRecommendation" */;
			buildPhases = (
				CBC2653C277092F000EBFCA5 /* Sources */,
				CBC2653D277092F000EBFCA5 /* Frameworks */,
				CBC2653E277092F000EBFCA5 /* Resources */,
			);
			buildRules = (
			);
			dependencies = (
			);
			name = SeSAC_BeerRecommendation;
			packageProductDependencies = (
				CBAAFDC32770DA7E00046945 /* SnapKit */,
				CB9C7E7B2771CE4C00802933 /* Kingfisher */,
			);
			productName = SeSAC_BeerRecommendation;
			productReference = CBC26540277092F000EBFCA5 /* SeSAC_BeerRecommendation.app */;
			productType = "com.apple.product-type.application";
		};
/* End PBXNativeTarget section */

/* Begin PBXProject section */
		CBC26538277092F000EBFCA5 /* Project object */ = {
			isa = PBXProject;
			attributes = {
				BuildIndependentTargetsInParallel = 1;
				LastSwiftUpdateCheck = 1300;
				LastUpgradeCheck = 1300;
				TargetAttributes = {
					CBC2653F277092F000EBFCA5 = {
						CreatedOnToolsVersion = 13.0;
					};
				};
			};
			buildConfigurationList = CBC2653B277092F000EBFCA5 /* Build configuration list for PBXProject "SeSAC_BeerRecommendation" */;
			compatibilityVersion = "Xcode 13.0";
			developmentRegion = en;
			hasScannedForEncodings = 0;
			knownRegions = (
				en,
				Base,
			);
			mainGroup = CBC26537277092F000EBFCA5;
			packageReferences = (
				CBAAFDC22770DA7E00046945 /* XCRemoteSwiftPackageReference "SnapKit" */,
				CB9C7E7A2771CE4C00802933 /* XCRemoteSwiftPackageReference "Kingfisher" */,
			);
			productRefGroup = CBC26541277092F000EBFCA5 /* Products */;
			projectDirPath = "";
			projectRoot = "";
			targets = (
				CBC2653F277092F000EBFCA5 /* SeSAC_BeerRecommendation */,
			);
		};
/* End PBXProject section */

/* Begin PBXResourcesBuildPhase section */
		CBC2653E277092F000EBFCA5 /* Resources */ = {
			isa = PBXResourcesBuildPhase;
			buildActionMask = 2147483647;
			files = (
				CBC26550277092F300EBFCA5 /* LaunchScreen.storyboard in Resources */,
				CBC2654D277092F300EBFCA5 /* Assets.xcassets in Resources */,
			);
			runOnlyForDeploymentPostprocessing = 0;
		};
/* End PBXResourcesBuildPhase section */

/* Begin PBXSourcesBuildPhase section */
		CBC2653C277092F000EBFCA5 /* Sources */ = {
			isa = PBXSourcesBuildPhase;
			buildActionMask = 2147483647;
			files = (
				CBC265582770953100EBFCA5 /* DetailBeerViewController.swift in Sources */,
				CBC2655A277095AC00EBFCA5 /* TotalBeerViewController.swift in Sources */,
				CBC26544277092F000EBFCA5 /* AppDelegate.swift in Sources */,
				CB9C7E762771C3BB00802933 /* Beer.swift in Sources */,
				CBAAFDC72770DC9500046945 /* UIColor+Extension.swift in Sources */,
				CBC2655C277095B900EBFCA5 /* TabBarController.swift in Sources */,
				CB9C7E712771C0A200802933 /* BeerDetailView.swift in Sources */,
				CBC26546277092F000EBFCA5 /* SceneDelegate.swift in Sources */,
				CB9C7E792771C68A00802933 /* BeerAPI.swift in Sources */,
			);
			runOnlyForDeploymentPostprocessing = 0;
		};
/* End PBXSourcesBuildPhase section */

/* Begin PBXVariantGroup section */
		CBC2654E277092F300EBFCA5 /* LaunchScreen.storyboard */ = {
			isa = PBXVariantGroup;
			children = (
				CBC2654F277092F300EBFCA5 /* Base */,
			);
			name = LaunchScreen.storyboard;
			sourceTree = "<group>";
		};
/* End PBXVariantGroup section */

/* Begin XCBuildConfiguration section */
		CBC26552277092F300EBFCA5 /* Debug */ = {
			isa = XCBuildConfiguration;
			buildSettings = {
				ALWAYS_SEARCH_USER_PATHS = NO;
				CLANG_ANALYZER_NONNULL = YES;
				CLANG_ANALYZER_NUMBER_OBJECT_CONVERSION = YES_AGGRESSIVE;
				CLANG_CXX_LANGUAGE_STANDARD = "gnu++17";
				CLANG_CXX_LIBRARY = "libc++";
				CLANG_ENABLE_MODULES = YES;
				CLANG_ENABLE_OBJC_ARC = YES;
				CLANG_ENABLE_OBJC_WEAK = YES;
				CLANG_WARN_BLOCK_CAPTURE_AUTORELEASING = YES;
				CLANG_WARN_BOOL_CONVERSION = YES;
				CLANG_WARN_COMMA = YES;
				CLANG_WARN_CONSTANT_CONVERSION = YES;
				CLANG_WARN_DEPRECATED_OBJC_IMPLEMENTATIONS = YES;
				CLANG_WARN_DIRECT_OBJC_ISA_USAGE = YES_ERROR;
				CLANG_WARN_DOCUMENTATION_COMMENTS = YES;
				CLANG_WARN_EMPTY_BODY = YES;
				CLANG_WARN_ENUM_CONVERSION = YES;
				CLANG_WARN_INFINITE_RECURSION = YES;
				CLANG_WARN_INT_CONVERSION = YES;
				CLANG_WARN_NON_LITERAL_NULL_CONVERSION = YES;
				CLANG_WARN_OBJC_IMPLICIT_RETAIN_SELF = YES;
				CLANG_WARN_OBJC_LITERAL_CONVERSION = YES;
				CLANG_WARN_OBJC_ROOT_CLASS = YES_ERROR;
				CLANG_WARN_QUOTED_INCLUDE_IN_FRAMEWORK_HEADER = YES;
				CLANG_WARN_RANGE_LOOP_ANALYSIS = YES;
				CLANG_WARN_STRICT_PROTOTYPES = YES;
				CLANG_WARN_SUSPICIOUS_MOVE = YES;
				CLANG_WARN_UNGUARDED_AVAILABILITY = YES_AGGRESSIVE;
				CLANG_WARN_UNREACHABLE_CODE = YES;
				CLANG_WARN__DUPLICATE_METHOD_MATCH = YES;
				COPY_PHASE_STRIP = NO;
				DEBUG_INFORMATION_FORMAT = dwarf;
				ENABLE_STRICT_OBJC_MSGSEND = YES;
				ENABLE_TESTABILITY = YES;
				GCC_C_LANGUAGE_STANDARD = gnu11;
				GCC_DYNAMIC_NO_PIC = NO;
				GCC_NO_COMMON_BLOCKS = YES;
				GCC_OPTIMIZATION_LEVEL = 0;
				GCC_PREPROCESSOR_DEFINITIONS = (
					"DEBUG=1",
					"$(inherited)",
				);
				GCC_WARN_64_TO_32_BIT_CONVERSION = YES;
				GCC_WARN_ABOUT_RETURN_TYPE = YES_ERROR;
				GCC_WARN_UNDECLARED_SELECTOR = YES;
				GCC_WARN_UNINITIALIZED_AUTOS = YES_AGGRESSIVE;
				GCC_WARN_UNUSED_FUNCTION = YES;
				GCC_WARN_UNUSED_VARIABLE = YES;
				IPHONEOS_DEPLOYMENT_TARGET = 15.0;
				MTL_ENABLE_DEBUG_INFO = INCLUDE_SOURCE;
				MTL_FAST_MATH = YES;
				ONLY_ACTIVE_ARCH = YES;
				SDKROOT = iphoneos;
				SWIFT_ACTIVE_COMPILATION_CONDITIONS = DEBUG;
				SWIFT_OPTIMIZATION_LEVEL = "-Onone";
			};
			name = Debug;
		};
		CBC26553277092F300EBFCA5 /* Release */ = {
			isa = XCBuildConfiguration;
			buildSettings = {
				ALWAYS_SEARCH_USER_PATHS = NO;
				CLANG_ANALYZER_NONNULL = YES;
				CLANG_ANALYZER_NUMBER_OBJECT_CONVERSION = YES_AGGRESSIVE;
				CLANG_CXX_LANGUAGE_STANDARD = "gnu++17";
				CLANG_CXX_LIBRARY = "libc++";
				CLANG_ENABLE_MODULES = YES;
				CLANG_ENABLE_OBJC_ARC = YES;
				CLANG_ENABLE_OBJC_WEAK = YES;
				CLANG_WARN_BLOCK_CAPTURE_AUTORELEASING = YES;
				CLANG_WARN_BOOL_CONVERSION = YES;
				CLANG_WARN_COMMA = YES;
				CLANG_WARN_CONSTANT_CONVERSION = YES;
				CLANG_WARN_DEPRECATED_OBJC_IMPLEMENTATIONS = YES;
				CLANG_WARN_DIRECT_OBJC_ISA_USAGE = YES_ERROR;
				CLANG_WARN_DOCUMENTATION_COMMENTS = YES;
				CLANG_WARN_EMPTY_BODY = YES;
				CLANG_WARN_ENUM_CONVERSION = YES;
				CLANG_WARN_INFINITE_RECURSION = YES;
				CLANG_WARN_INT_CONVERSION = YES;
				CLANG_WARN_NON_LITERAL_NULL_CONVERSION = YES;
				CLANG_WARN_OBJC_IMPLICIT_RETAIN_SELF = YES;
				CLANG_WARN_OBJC_LITERAL_CONVERSION = YES;
				CLANG_WARN_OBJC_ROOT_CLASS = YES_ERROR;
				CLANG_WARN_QUOTED_INCLUDE_IN_FRAMEWORK_HEADER = YES;
				CLANG_WARN_RANGE_LOOP_ANALYSIS = YES;
				CLANG_WARN_STRICT_PROTOTYPES = YES;
				CLANG_WARN_SUSPICIOUS_MOVE = YES;
				CLANG_WARN_UNGUARDED_AVAILABILITY = YES_AGGRESSIVE;
				CLANG_WARN_UNREACHABLE_CODE = YES;
				CLANG_WARN__DUPLICATE_METHOD_MATCH = YES;
				COPY_PHASE_STRIP = NO;
				DEBUG_INFORMATION_FORMAT = "dwarf-with-dsym";
				ENABLE_NS_ASSERTIONS = NO;
				ENABLE_STRICT_OBJC_MSGSEND = YES;
				GCC_C_LANGUAGE_STANDARD = gnu11;
				GCC_NO_COMMON_BLOCKS = YES;
				GCC_WARN_64_TO_32_BIT_CONVERSION = YES;
				GCC_WARN_ABOUT_RETURN_TYPE = YES_ERROR;
				GCC_WARN_UNDECLARED_SELECTOR = YES;
				GCC_WARN_UNINITIALIZED_AUTOS = YES_AGGRESSIVE;
				GCC_WARN_UNUSED_FUNCTION = YES;
				GCC_WARN_UNUSED_VARIABLE = YES;
				IPHONEOS_DEPLOYMENT_TARGET = 15.0;
				MTL_ENABLE_DEBUG_INFO = NO;
				MTL_FAST_MATH = YES;
				SDKROOT = iphoneos;
				SWIFT_COMPILATION_MODE = wholemodule;
				SWIFT_OPTIMIZATION_LEVEL = "-O";
				VALIDATE_PRODUCT = YES;
			};
			name = Release;
		};
		CBC26555277092F300EBFCA5 /* Debug */ = {
			isa = XCBuildConfiguration;
			buildSettings = {
				ASSETCATALOG_COMPILER_APPICON_NAME = AppIcon;
				ASSETCATALOG_COMPILER_GLOBAL_ACCENT_COLOR_NAME = AccentColor;
				CODE_SIGN_STYLE = Automatic;
				CURRENT_PROJECT_VERSION = 1;
				DEVELOPMENT_TEAM = MYR6MP3VKX;
				GENERATE_INFOPLIST_FILE = YES;
				INFOPLIST_FILE = SeSAC_BeerRecommendation/Info.plist;
				INFOPLIST_KEY_UIApplicationSupportsIndirectInputEvents = YES;
				INFOPLIST_KEY_UILaunchStoryboardName = LaunchScreen;
				INFOPLIST_KEY_UISupportedInterfaceOrientations_iPad = "UIInterfaceOrientationPortrait UIInterfaceOrientationPortraitUpsideDown UIInterfaceOrientationLandscapeLeft UIInterfaceOrientationLandscapeRight";
				INFOPLIST_KEY_UISupportedInterfaceOrientations_iPhone = "UIInterfaceOrientationPortrait UIInterfaceOrientationLandscapeLeft UIInterfaceOrientationLandscapeRight";
				LD_RUNPATH_SEARCH_PATHS = (
					"$(inherited)",
					"@executable_path/Frameworks",
				);
				MARKETING_VERSION = 1.0;
				PRODUCT_BUNDLE_IDENTIFIER = "com.linda.SeSAC-BeerRecommendation";
				PRODUCT_NAME = "$(TARGET_NAME)";
				SWIFT_EMIT_LOC_STRINGS = YES;
				SWIFT_VERSION = 5.0;
				TARGETED_DEVICE_FAMILY = "1,2";
			};
			name = Debug;
		};
		CBC26556277092F300EBFCA5 /* Release */ = {
			isa = XCBuildConfiguration;
			buildSettings = {
				ASSETCATALOG_COMPILER_APPICON_NAME = AppIcon;
				ASSETCATALOG_COMPILER_GLOBAL_ACCENT_COLOR_NAME = AccentColor;
				CODE_SIGN_STYLE = Automatic;
				CURRENT_PROJECT_VERSION = 1;
				DEVELOPMENT_TEAM = MYR6MP3VKX;
				GENERATE_INFOPLIST_FILE = YES;
				INFOPLIST_FILE = SeSAC_BeerRecommendation/Info.plist;
				INFOPLIST_KEY_UIApplicationSupportsIndirectInputEvents = YES;
				INFOPLIST_KEY_UILaunchStoryboardName = LaunchScreen;
				INFOPLIST_KEY_UISupportedInterfaceOrientations_iPad = "UIInterfaceOrientationPortrait UIInterfaceOrientationPortraitUpsideDown UIInterfaceOrientationLandscapeLeft UIInterfaceOrientationLandscapeRight";
				INFOPLIST_KEY_UISupportedInterfaceOrientations_iPhone = "UIInterfaceOrientationPortrait UIInterfaceOrientationLandscapeLeft UIInterfaceOrientationLandscapeRight";
				LD_RUNPATH_SEARCH_PATHS = (
					"$(inherited)",
					"@executable_path/Frameworks",
				);
				MARKETING_VERSION = 1.0;
				PRODUCT_BUNDLE_IDENTIFIER = "com.linda.SeSAC-BeerRecommendation";
				PRODUCT_NAME = "$(TARGET_NAME)";
				SWIFT_EMIT_LOC_STRINGS = YES;
				SWIFT_VERSION = 5.0;
				TARGETED_DEVICE_FAMILY = "1,2";
			};
			name = Release;
		};
/* End XCBuildConfiguration section */

/* Begin XCConfigurationList section */
		CBC2653B277092F000EBFCA5 /* Build configuration list for PBXProject "SeSAC_BeerRecommendation" */ = {
			isa = XCConfigurationList;
			buildConfigurations = (
				CBC26552277092F300EBFCA5 /* Debug */,
				CBC26553277092F300EBFCA5 /* Release */,
			);
			defaultConfigurationIsVisible = 0;
			defaultConfigurationName = Release;
		};
		CBC26554277092F300EBFCA5 /* Build configuration list for PBXNativeTarget "SeSAC_BeerRecommendation" */ = {
			isa = XCConfigurationList;
			buildConfigurations = (
				CBC26555277092F300EBFCA5 /* Debug */,
				CBC26556277092F300EBFCA5 /* Release */,
			);
			defaultConfigurationIsVisible = 0;
			defaultConfigurationName = Release;
		};
/* End XCConfigurationList section */

/* Begin XCRemoteSwiftPackageReference section */
		CB9C7E7A2771CE4C00802933 /* XCRemoteSwiftPackageReference "Kingfisher" */ = {
			isa = XCRemoteSwiftPackageReference;
			repositoryURL = "https://github.com/onevcat/Kingfisher.git";
			requirement = {
				kind = upToNextMajorVersion;
				minimumVersion = 7.0.0;
			};
		};
		CBAAFDC22770DA7E00046945 /* XCRemoteSwiftPackageReference "SnapKit" */ = {
			isa = XCRemoteSwiftPackageReference;
			repositoryURL = "https://github.com/SnapKit/SnapKit.git";
			requirement = {
				kind = upToNextMajorVersion;
				minimumVersion = 5.0.0;
			};
		};
/* End XCRemoteSwiftPackageReference section */

/* Begin XCSwiftPackageProductDependency section */
		CB9C7E7B2771CE4C00802933 /* Kingfisher */ = {
			isa = XCSwiftPackageProductDependency;
			package = CB9C7E7A2771CE4C00802933 /* XCRemoteSwiftPackageReference "Kingfisher" */;
			productName = Kingfisher;
		};
		CBAAFDC32770DA7E00046945 /* SnapKit */ = {
			isa = XCSwiftPackageProductDependency;
			package = CBAAFDC22770DA7E00046945 /* XCRemoteSwiftPackageReference "SnapKit" */;
			productName = SnapKit;
		};
/* End XCSwiftPackageProductDependency section */
	};
	rootObject = CBC26538277092F000EBFCA5 /* Project object */;
}
