// !$*UTF8*$!
{
	archiveVersion = 1;
	classes = {
	};
	objectVersion = 55;
	objects = {

/* Begin PBXBuildFile section */
		CBA3CDCF2710609B00ED782B /* AppDelegate.swift in Sources */ = {isa = PBXBuildFile; fileRef = CBA3CDCE2710609B00ED782B /* AppDelegate.swift */; };
		CBA3CDD12710609B00ED782B /* SceneDelegate.swift in Sources */ = {isa = PBXBuildFile; fileRef = CBA3CDD02710609B00ED782B /* SceneDelegate.swift */; };
		CBA3CDD62710609B00ED782B /* DrinkWater.storyboard in Resources */ = {isa = PBXBuildFile; fileRef = CBA3CDD42710609B00ED782B /* DrinkWater.storyboard */; };
		CBA3CDD82710609E00ED782B /* Assets.xcassets in Resources */ = {isa = PBXBuildFile; fileRef = CBA3CDD72710609E00ED782B /* Assets.xcassets */; };
		CBA3CDDB2710609E00ED782B /* LaunchScreen.storyboard in Resources */ = {isa = PBXBuildFile; fileRef = CBA3CDD92710609E00ED782B /* LaunchScreen.storyboard */; };
		CBA3CDE32710617A00ED782B /* drinkWaterViewController.swift in Sources */ = {isa = PBXBuildFile; fileRef = CBA3CDE22710617A00ED782B /* drinkWaterViewController.swift */; };
		CBA3CDE82710817100ED782B /* personalInfoViewController.swift in Sources */ = {isa = PBXBuildFile; fileRef = CBA3CDE72710817100ED782B /* personalInfoViewController.swift */; };
		CBA3CDEA2710864600ED782B /* personalData.swift in Sources */ = {isa = PBXBuildFile; fileRef = CBA3CDE92710864600ED782B /* personalData.swift */; };
		CBA3CDF0271088E700ED782B /* IQKeyboardManagerSwift in Frameworks */ = {isa = PBXBuildFile; productRef = CBA3CDEF271088E700ED782B /* IQKeyboardManagerSwift */; };
		CBA3CDF3271088F800ED782B /* TextFieldEffects in Frameworks */ = {isa = PBXBuildFile; productRef = CBA3CDF2271088F800ED782B /* TextFieldEffects */; };
/* End PBXBuildFile section */

/* Begin PBXFileReference section */
		CBA3CDCB2710609B00ED782B /* SSAC_Day9_DrinkWater.app */ = {isa = PBXFileReference; explicitFileType = wrapper.application; includeInIndex = 0; path = SSAC_Day9_DrinkWater.app; sourceTree = BUILT_PRODUCTS_DIR; };
		CBA3CDCE2710609B00ED782B /* AppDelegate.swift */ = {isa = PBXFileReference; lastKnownFileType = sourcecode.swift; path = AppDelegate.swift; sourceTree = "<group>"; };
		CBA3CDD02710609B00ED782B /* SceneDelegate.swift */ = {isa = PBXFileReference; lastKnownFileType = sourcecode.swift; path = SceneDelegate.swift; sourceTree = "<group>"; };
		CBA3CDD52710609B00ED782B /* Base */ = {isa = PBXFileReference; lastKnownFileType = file.storyboard; name = Base; path = Base.lproj/DrinkWater.storyboard; sourceTree = "<group>"; };
		CBA3CDD72710609E00ED782B /* Assets.xcassets */ = {isa = PBXFileReference; lastKnownFileType = folder.assetcatalog; path = Assets.xcassets; sourceTree = "<group>"; };
		CBA3CDDA2710609E00ED782B /* Base */ = {isa = PBXFileReference; lastKnownFileType = file.storyboard; name = Base; path = Base.lproj/LaunchScreen.storyboard; sourceTree = "<group>"; };
		CBA3CDDC2710609E00ED782B /* Info.plist */ = {isa = PBXFileReference; lastKnownFileType = text.plist.xml; path = Info.plist; sourceTree = "<group>"; };
		CBA3CDE22710617A00ED782B /* drinkWaterViewController.swift */ = {isa = PBXFileReference; lastKnownFileType = sourcecode.swift; path = drinkWaterViewController.swift; sourceTree = "<group>"; };
		CBA3CDE72710817100ED782B /* personalInfoViewController.swift */ = {isa = PBXFileReference; lastKnownFileType = sourcecode.swift; path = personalInfoViewController.swift; sourceTree = "<group>"; };
		CBA3CDE92710864600ED782B /* personalData.swift */ = {isa = PBXFileReference; lastKnownFileType = sourcecode.swift; path = personalData.swift; sourceTree = "<group>"; };
/* End PBXFileReference section */

/* Begin PBXFrameworksBuildPhase section */
		CBA3CDC82710609B00ED782B /* Frameworks */ = {
			isa = PBXFrameworksBuildPhase;
			buildActionMask = 2147483647;
			files = (
				CBA3CDF0271088E700ED782B /* IQKeyboardManagerSwift in Frameworks */,
				CBA3CDF3271088F800ED782B /* TextFieldEffects in Frameworks */,
			);
			runOnlyForDeploymentPostprocessing = 0;
		};
/* End PBXFrameworksBuildPhase section */

/* Begin PBXGroup section */
		CBA3CDC22710609A00ED782B = {
			isa = PBXGroup;
			children = (
				CBA3CDCD2710609B00ED782B /* SSAC_Day9_DrinkWater */,
				CBA3CDCC2710609B00ED782B /* Products */,
			);
			sourceTree = "<group>";
		};
		CBA3CDCC2710609B00ED782B /* Products */ = {
			isa = PBXGroup;
			children = (
				CBA3CDCB2710609B00ED782B /* SSAC_Day9_DrinkWater.app */,
			);
			name = Products;
			sourceTree = "<group>";
		};
		CBA3CDCD2710609B00ED782B /* SSAC_Day9_DrinkWater */ = {
			isa = PBXGroup;
			children = (
				CBA3CDCE2710609B00ED782B /* AppDelegate.swift */,
				CBA3CDD02710609B00ED782B /* SceneDelegate.swift */,
				CBA3CDD72710609E00ED782B /* Assets.xcassets */,
				CBA3CDD92710609E00ED782B /* LaunchScreen.storyboard */,
				CBA3CDDC2710609E00ED782B /* Info.plist */,
				CBA3CDD42710609B00ED782B /* DrinkWater.storyboard */,
				CBA3CDE22710617A00ED782B /* drinkWaterViewController.swift */,
				CBA3CDE72710817100ED782B /* personalInfoViewController.swift */,
				CBA3CDE92710864600ED782B /* personalData.swift */,
			);
			path = SSAC_Day9_DrinkWater;
			sourceTree = "<group>";
		};
/* End PBXGroup section */

/* Begin PBXNativeTarget section */
		CBA3CDCA2710609B00ED782B /* SSAC_Day9_DrinkWater */ = {
			isa = PBXNativeTarget;
			buildConfigurationList = CBA3CDDF2710609E00ED782B /* Build configuration list for PBXNativeTarget "SSAC_Day9_DrinkWater" */;
			buildPhases = (
				CBA3CDC72710609B00ED782B /* Sources */,
				CBA3CDC82710609B00ED782B /* Frameworks */,
				CBA3CDC92710609B00ED782B /* Resources */,
			);
			buildRules = (
			);
			dependencies = (
			);
			name = SSAC_Day9_DrinkWater;
			packageProductDependencies = (
				CBA3CDEF271088E700ED782B /* IQKeyboardManagerSwift */,
				CBA3CDF2271088F800ED782B /* TextFieldEffects */,
			);
			productName = SSAC_Day9_DrinkWater;
			productReference = CBA3CDCB2710609B00ED782B /* SSAC_Day9_DrinkWater.app */;
			productType = "com.apple.product-type.application";
		};
/* End PBXNativeTarget section */

/* Begin PBXProject section */
		CBA3CDC32710609A00ED782B /* Project object */ = {
			isa = PBXProject;
			attributes = {
				BuildIndependentTargetsInParallel = 1;
				LastSwiftUpdateCheck = 1300;
				LastUpgradeCheck = 1300;
				TargetAttributes = {
					CBA3CDCA2710609B00ED782B = {
						CreatedOnToolsVersion = 13.0;
					};
				};
			};
			buildConfigurationList = CBA3CDC62710609B00ED782B /* Build configuration list for PBXProject "SSAC_Day9_DrinkWater" */;
			compatibilityVersion = "Xcode 13.0";
			developmentRegion = en;
			hasScannedForEncodings = 0;
			knownRegions = (
				en,
				Base,
			);
			mainGroup = CBA3CDC22710609A00ED782B;
			packageReferences = (
				CBA3CDEE271088E700ED782B /* XCRemoteSwiftPackageReference "IQKeyboardManager" */,
				CBA3CDF1271088F800ED782B /* XCRemoteSwiftPackageReference "TextFieldEffects" */,
			);
			productRefGroup = CBA3CDCC2710609B00ED782B /* Products */;
			projectDirPath = "";
			projectRoot = "";
			targets = (
				CBA3CDCA2710609B00ED782B /* SSAC_Day9_DrinkWater */,
			);
		};
/* End PBXProject section */

/* Begin PBXResourcesBuildPhase section */
		CBA3CDC92710609B00ED782B /* Resources */ = {
			isa = PBXResourcesBuildPhase;
			buildActionMask = 2147483647;
			files = (
				CBA3CDDB2710609E00ED782B /* LaunchScreen.storyboard in Resources */,
				CBA3CDD82710609E00ED782B /* Assets.xcassets in Resources */,
				CBA3CDD62710609B00ED782B /* DrinkWater.storyboard in Resources */,
			);
			runOnlyForDeploymentPostprocessing = 0;
		};
/* End PBXResourcesBuildPhase section */

/* Begin PBXSourcesBuildPhase section */
		CBA3CDC72710609B00ED782B /* Sources */ = {
			isa = PBXSourcesBuildPhase;
			buildActionMask = 2147483647;
			files = (
				CBA3CDE82710817100ED782B /* personalInfoViewController.swift in Sources */,
				CBA3CDCF2710609B00ED782B /* AppDelegate.swift in Sources */,
				CBA3CDD12710609B00ED782B /* SceneDelegate.swift in Sources */,
				CBA3CDE32710617A00ED782B /* drinkWaterViewController.swift in Sources */,
				CBA3CDEA2710864600ED782B /* personalData.swift in Sources */,
			);
			runOnlyForDeploymentPostprocessing = 0;
		};
/* End PBXSourcesBuildPhase section */

/* Begin PBXVariantGroup section */
		CBA3CDD42710609B00ED782B /* DrinkWater.storyboard */ = {
			isa = PBXVariantGroup;
			children = (
				CBA3CDD52710609B00ED782B /* Base */,
			);
			name = DrinkWater.storyboard;
			sourceTree = "<group>";
		};
		CBA3CDD92710609E00ED782B /* LaunchScreen.storyboard */ = {
			isa = PBXVariantGroup;
			children = (
				CBA3CDDA2710609E00ED782B /* Base */,
			);
			name = LaunchScreen.storyboard;
			sourceTree = "<group>";
		};
/* End PBXVariantGroup section */

/* Begin XCBuildConfiguration section */
		CBA3CDDD2710609E00ED782B /* Debug */ = {
			isa = XCBuildConfiguration;
			buildSettings = {
				ALWAYS_SEARCH_USER_PATHS = NO;
				CLANG_ANALYZER_NONNULL = YES;
				CLANG_ANALYZER_NUMBER_OBJECT_CONVERSION = YES_AGGRESSIVE;
				CLANG_CXX_LANGUAGE_STANDARD = "gnu++17";
				CLANG_CXX_LIBRARY = "libc++";
				CLANG_ENABLE_MODULES = YES;
				CLANG_ENABLE_OBJC_ARC = YES;
				CLANG_ENABLE_OBJC_WEAK = YES;
				CLANG_WARN_BLOCK_CAPTURE_AUTORELEASING = YES;
				CLANG_WARN_BOOL_CONVERSION = YES;
				CLANG_WARN_COMMA = YES;
				CLANG_WARN_CONSTANT_CONVERSION = YES;
				CLANG_WARN_DEPRECATED_OBJC_IMPLEMENTATIONS = YES;
				CLANG_WARN_DIRECT_OBJC_ISA_USAGE = YES_ERROR;
				CLANG_WARN_DOCUMENTATION_COMMENTS = YES;
				CLANG_WARN_EMPTY_BODY = YES;
				CLANG_WARN_ENUM_CONVERSION = YES;
				CLANG_WARN_INFINITE_RECURSION = YES;
				CLANG_WARN_INT_CONVERSION = YES;
				CLANG_WARN_NON_LITERAL_NULL_CONVERSION = YES;
				CLANG_WARN_OBJC_IMPLICIT_RETAIN_SELF = YES;
				CLANG_WARN_OBJC_LITERAL_CONVERSION = YES;
				CLANG_WARN_OBJC_ROOT_CLASS = YES_ERROR;
				CLANG_WARN_QUOTED_INCLUDE_IN_FRAMEWORK_HEADER = YES;
				CLANG_WARN_RANGE_LOOP_ANALYSIS = YES;
				CLANG_WARN_STRICT_PROTOTYPES = YES;
				CLANG_WARN_SUSPICIOUS_MOVE = YES;
				CLANG_WARN_UNGUARDED_AVAILABILITY = YES_AGGRESSIVE;
				CLANG_WARN_UNREACHABLE_CODE = YES;
				CLANG_WARN__DUPLICATE_METHOD_MATCH = YES;
				COPY_PHASE_STRIP = NO;
				DEBUG_INFORMATION_FORMAT = dwarf;
				ENABLE_STRICT_OBJC_MSGSEND = YES;
				ENABLE_TESTABILITY = YES;
				GCC_C_LANGUAGE_STANDARD = gnu11;
				GCC_DYNAMIC_NO_PIC = NO;
				GCC_NO_COMMON_BLOCKS = YES;
				GCC_OPTIMIZATION_LEVEL = 0;
				GCC_PREPROCESSOR_DEFINITIONS = (
					"DEBUG=1",
					"$(inherited)",
				);
				GCC_WARN_64_TO_32_BIT_CONVERSION = YES;
				GCC_WARN_ABOUT_RETURN_TYPE = YES_ERROR;
				GCC_WARN_UNDECLARED_SELECTOR = YES;
				GCC_WARN_UNINITIALIZED_AUTOS = YES_AGGRESSIVE;
				GCC_WARN_UNUSED_FUNCTION = YES;
				GCC_WARN_UNUSED_VARIABLE = YES;
				IPHONEOS_DEPLOYMENT_TARGET = 15.0;
				MTL_ENABLE_DEBUG_INFO = INCLUDE_SOURCE;
				MTL_FAST_MATH = YES;
				ONLY_ACTIVE_ARCH = YES;
				SDKROOT = iphoneos;
				SWIFT_ACTIVE_COMPILATION_CONDITIONS = DEBUG;
				SWIFT_OPTIMIZATION_LEVEL = "-Onone";
			};
			name = Debug;
		};
		CBA3CDDE2710609E00ED782B /* Release */ = {
			isa = XCBuildConfiguration;
			buildSettings = {
				ALWAYS_SEARCH_USER_PATHS = NO;
				CLANG_ANALYZER_NONNULL = YES;
				CLANG_ANALYZER_NUMBER_OBJECT_CONVERSION = YES_AGGRESSIVE;
				CLANG_CXX_LANGUAGE_STANDARD = "gnu++17";
				CLANG_CXX_LIBRARY = "libc++";
				CLANG_ENABLE_MODULES = YES;
				CLANG_ENABLE_OBJC_ARC = YES;
				CLANG_ENABLE_OBJC_WEAK = YES;
				CLANG_WARN_BLOCK_CAPTURE_AUTORELEASING = YES;
				CLANG_WARN_BOOL_CONVERSION = YES;
				CLANG_WARN_COMMA = YES;
				CLANG_WARN_CONSTANT_CONVERSION = YES;
				CLANG_WARN_DEPRECATED_OBJC_IMPLEMENTATIONS = YES;
				CLANG_WARN_DIRECT_OBJC_ISA_USAGE = YES_ERROR;
				CLANG_WARN_DOCUMENTATION_COMMENTS = YES;
				CLANG_WARN_EMPTY_BODY = YES;
				CLANG_WARN_ENUM_CONVERSION = YES;
				CLANG_WARN_INFINITE_RECURSION = YES;
				CLANG_WARN_INT_CONVERSION = YES;
				CLANG_WARN_NON_LITERAL_NULL_CONVERSION = YES;
				CLANG_WARN_OBJC_IMPLICIT_RETAIN_SELF = YES;
				CLANG_WARN_OBJC_LITERAL_CONVERSION = YES;
				CLANG_WARN_OBJC_ROOT_CLASS = YES_ERROR;
				CLANG_WARN_QUOTED_INCLUDE_IN_FRAMEWORK_HEADER = YES;
				CLANG_WARN_RANGE_LOOP_ANALYSIS = YES;
				CLANG_WARN_STRICT_PROTOTYPES = YES;
				CLANG_WARN_SUSPICIOUS_MOVE = YES;
				CLANG_WARN_UNGUARDED_AVAILABILITY = YES_AGGRESSIVE;
				CLANG_WARN_UNREACHABLE_CODE = YES;
				CLANG_WARN__DUPLICATE_METHOD_MATCH = YES;
				COPY_PHASE_STRIP = NO;
				DEBUG_INFORMATION_FORMAT = "dwarf-with-dsym";
				ENABLE_NS_ASSERTIONS = NO;
				ENABLE_STRICT_OBJC_MSGSEND = YES;
				GCC_C_LANGUAGE_STANDARD = gnu11;
				GCC_NO_COMMON_BLOCKS = YES;
				GCC_WARN_64_TO_32_BIT_CONVERSION = YES;
				GCC_WARN_ABOUT_RETURN_TYPE = YES_ERROR;
				GCC_WARN_UNDECLARED_SELECTOR = YES;
				GCC_WARN_UNINITIALIZED_AUTOS = YES_AGGRESSIVE;
				GCC_WARN_UNUSED_FUNCTION = YES;
				GCC_WARN_UNUSED_VARIABLE = YES;
				IPHONEOS_DEPLOYMENT_TARGET = 15.0;
				MTL_ENABLE_DEBUG_INFO = NO;
				MTL_FAST_MATH = YES;
				SDKROOT = iphoneos;
				SWIFT_COMPILATION_MODE = wholemodule;
				SWIFT_OPTIMIZATION_LEVEL = "-O";
				VALIDATE_PRODUCT = YES;
			};
			name = Release;
		};
		CBA3CDE02710609E00ED782B /* Debug */ = {
			isa = XCBuildConfiguration;
			buildSettings = {
				ASSETCATALOG_COMPILER_APPICON_NAME = AppIcon;
				ASSETCATALOG_COMPILER_GLOBAL_ACCENT_COLOR_NAME = AccentColor;
				CODE_SIGN_STYLE = Automatic;
				CURRENT_PROJECT_VERSION = 1;
				DEVELOPMENT_TEAM = MYR6MP3VKX;
				GENERATE_INFOPLIST_FILE = YES;
				INFOPLIST_FILE = SSAC_Day9_DrinkWater/Info.plist;
				INFOPLIST_KEY_CFBundleDisplayName = "Drink Water";
				INFOPLIST_KEY_UIApplicationSupportsIndirectInputEvents = YES;
				INFOPLIST_KEY_UILaunchStoryboardName = LaunchScreen;
				INFOPLIST_KEY_UIMainStoryboardFile = DrinkWater;
				INFOPLIST_KEY_UISupportedInterfaceOrientations_iPad = "UIInterfaceOrientationPortrait UIInterfaceOrientationPortraitUpsideDown UIInterfaceOrientationLandscapeLeft UIInterfaceOrientationLandscapeRight";
				INFOPLIST_KEY_UISupportedInterfaceOrientations_iPhone = "UIInterfaceOrientationPortrait UIInterfaceOrientationLandscapeLeft UIInterfaceOrientationLandscapeRight";
				LD_RUNPATH_SEARCH_PATHS = (
					"$(inherited)",
					"@executable_path/Frameworks",
				);
				MARKETING_VERSION = 1.0;
				PRODUCT_BUNDLE_IDENTIFIER = "com.linda.SSAC-Day9-DrinkWater";
				PRODUCT_NAME = "$(TARGET_NAME)";
				SWIFT_EMIT_LOC_STRINGS = YES;
				SWIFT_VERSION = 5.0;
				TARGETED_DEVICE_FAMILY = "1,2";
			};
			name = Debug;
		};
		CBA3CDE12710609E00ED782B /* Release */ = {
			isa = XCBuildConfiguration;
			buildSettings = {
				ASSETCATALOG_COMPILER_APPICON_NAME = AppIcon;
				ASSETCATALOG_COMPILER_GLOBAL_ACCENT_COLOR_NAME = AccentColor;
				CODE_SIGN_STYLE = Automatic;
				CURRENT_PROJECT_VERSION = 1;
				DEVELOPMENT_TEAM = MYR6MP3VKX;
				GENERATE_INFOPLIST_FILE = YES;
				INFOPLIST_FILE = SSAC_Day9_DrinkWater/Info.plist;
				INFOPLIST_KEY_CFBundleDisplayName = "Drink Water";
				INFOPLIST_KEY_UIApplicationSupportsIndirectInputEvents = YES;
				INFOPLIST_KEY_UILaunchStoryboardName = LaunchScreen;
				INFOPLIST_KEY_UIMainStoryboardFile = DrinkWater;
				INFOPLIST_KEY_UISupportedInterfaceOrientations_iPad = "UIInterfaceOrientationPortrait UIInterfaceOrientationPortraitUpsideDown UIInterfaceOrientationLandscapeLeft UIInterfaceOrientationLandscapeRight";
				INFOPLIST_KEY_UISupportedInterfaceOrientations_iPhone = "UIInterfaceOrientationPortrait UIInterfaceOrientationLandscapeLeft UIInterfaceOrientationLandscapeRight";
				LD_RUNPATH_SEARCH_PATHS = (
					"$(inherited)",
					"@executable_path/Frameworks",
				);
				MARKETING_VERSION = 1.0;
				PRODUCT_BUNDLE_IDENTIFIER = "com.linda.SSAC-Day9-DrinkWater";
				PRODUCT_NAME = "$(TARGET_NAME)";
				SWIFT_EMIT_LOC_STRINGS = YES;
				SWIFT_VERSION = 5.0;
				TARGETED_DEVICE_FAMILY = "1,2";
			};
			name = Release;
		};
/* End XCBuildConfiguration section */

/* Begin XCConfigurationList section */
		CBA3CDC62710609B00ED782B /* Build configuration list for PBXProject "SSAC_Day9_DrinkWater" */ = {
			isa = XCConfigurationList;
			buildConfigurations = (
				CBA3CDDD2710609E00ED782B /* Debug */,
				CBA3CDDE2710609E00ED782B /* Release */,
			);
			defaultConfigurationIsVisible = 0;
			defaultConfigurationName = Release;
		};
		CBA3CDDF2710609E00ED782B /* Build configuration list for PBXNativeTarget "SSAC_Day9_DrinkWater" */ = {
			isa = XCConfigurationList;
			buildConfigurations = (
				CBA3CDE02710609E00ED782B /* Debug */,
				CBA3CDE12710609E00ED782B /* Release */,
			);
			defaultConfigurationIsVisible = 0;
			defaultConfigurationName = Release;
		};
/* End XCConfigurationList section */

/* Begin XCRemoteSwiftPackageReference section */
		CBA3CDEE271088E700ED782B /* XCRemoteSwiftPackageReference "IQKeyboardManager" */ = {
			isa = XCRemoteSwiftPackageReference;
			repositoryURL = "https://github.com/hackiftekhar/IQKeyboardManager.git";
			requirement = {
				kind = upToNextMajorVersion;
				minimumVersion = 6.0.0;
			};
		};
		CBA3CDF1271088F800ED782B /* XCRemoteSwiftPackageReference "TextFieldEffects" */ = {
			isa = XCRemoteSwiftPackageReference;
			repositoryURL = "https://github.com/raulriera/TextFieldEffects.git";
			requirement = {
				kind = upToNextMajorVersion;
				minimumVersion = 1.0.0;
			};
		};
/* End XCRemoteSwiftPackageReference section */

/* Begin XCSwiftPackageProductDependency section */
		CBA3CDEF271088E700ED782B /* IQKeyboardManagerSwift */ = {
			isa = XCSwiftPackageProductDependency;
			package = CBA3CDEE271088E700ED782B /* XCRemoteSwiftPackageReference "IQKeyboardManager" */;
			productName = IQKeyboardManagerSwift;
		};
		CBA3CDF2271088F800ED782B /* TextFieldEffects */ = {
			isa = XCSwiftPackageProductDependency;
			package = CBA3CDF1271088F800ED782B /* XCRemoteSwiftPackageReference "TextFieldEffects" */;
			productName = TextFieldEffects;
		};
/* End XCSwiftPackageProductDependency section */
	};
	rootObject = CBA3CDC32710609A00ED782B /* Project object */;
}
